// !$*UTF8*$!
{
	archiveVersion = 1;
	classes = {
	};
	objectVersion = 56;
	objects = {

/* Begin PBXBuildFile section */
		E51664FC2BF910A800CDA78B /* FintechPicker.swift in Sources */ = {isa = PBXBuildFile; fileRef = E51664FB2BF910A800CDA78B /* FintechPicker.swift */; };
		E51664FE2BF953A900CDA78B /* CurrencyConvertRequest.swift in Sources */ = {isa = PBXBuildFile; fileRef = E51664FD2BF953A900CDA78B /* CurrencyConvertRequest.swift */; };
		E51665002BF953D600CDA78B /* CurrencyConvertModel.swift in Sources */ = {isa = PBXBuildFile; fileRef = E51664FF2BF953D600CDA78B /* CurrencyConvertModel.swift */; };
		E51665032BF9575400CDA78B /* CurrencyConvertInteractor.swift in Sources */ = {isa = PBXBuildFile; fileRef = E51665022BF9575400CDA78B /* CurrencyConvertInteractor.swift */; };
		E51665052BF9576700CDA78B /* CurrencyConvertProvider.swift in Sources */ = {isa = PBXBuildFile; fileRef = E51665042BF9576700CDA78B /* CurrencyConvertProvider.swift */; };
		E51665072BF9577900CDA78B /* CurrencyConvertCoordinator.swift in Sources */ = {isa = PBXBuildFile; fileRef = E51665062BF9577900CDA78B /* CurrencyConvertCoordinator.swift */; };
		E51665092BF9578C00CDA78B /* CurrencyConvertPresenter.swift in Sources */ = {isa = PBXBuildFile; fileRef = E51665082BF9578C00CDA78B /* CurrencyConvertPresenter.swift */; };
		E516650B2BF9591800CDA78B /* CurrencyConvertResponse.swift in Sources */ = {isa = PBXBuildFile; fileRef = E516650A2BF9591800CDA78B /* CurrencyConvertResponse.swift */; };
		E516650D2BF9647B00CDA78B /* CurrencyConvertUseCase.swift in Sources */ = {isa = PBXBuildFile; fileRef = E516650C2BF9647B00CDA78B /* CurrencyConvertUseCase.swift */; };
		E51665122BF96A5B00CDA78B /* ConvertModel.swift in Sources */ = {isa = PBXBuildFile; fileRef = E51665112BF96A5B00CDA78B /* ConvertModel.swift */; };
		E51665142BF96C3B00CDA78B /* ConvertResponse.swift in Sources */ = {isa = PBXBuildFile; fileRef = E51665132BF96C3B00CDA78B /* ConvertResponse.swift */; };
		E51665172BF9A87300CDA78B /* FintechButton.swift in Sources */ = {isa = PBXBuildFile; fileRef = E51665162BF9A87300CDA78B /* FintechButton.swift */; };
		E516651A2BF9B19500CDA78B /* HistoryView.swift in Sources */ = {isa = PBXBuildFile; fileRef = E51665192BF9B19500CDA78B /* HistoryView.swift */; };
		E516651F2BF9B4DC00CDA78B /* ScreenNavigation.swift in Sources */ = {isa = PBXBuildFile; fileRef = E516651E2BF9B4DC00CDA78B /* ScreenNavigation.swift */; };
		E51665212BF9C2F000CDA78B /* FintechCard.swift in Sources */ = {isa = PBXBuildFile; fileRef = E51665202BF9C2F000CDA78B /* FintechCard.swift */; };
		E57C37DE2BF867A600576631 /* HomeViewModel.swift in Sources */ = {isa = PBXBuildFile; fileRef = E57C37DD2BF867A600576631 /* HomeViewModel.swift */; };
		E57C37E22BF86DB500576631 /* SessionManager.swift in Sources */ = {isa = PBXBuildFile; fileRef = E57C37E12BF86DB500576631 /* SessionManager.swift */; };
		E57C37E52BF86E4100576631 /* NetworkManager.swift in Sources */ = {isa = PBXBuildFile; fileRef = E57C37E42BF86E4100576631 /* NetworkManager.swift */; };
		E57C37E82BF86EEC00576631 /* Alamofire in Frameworks */ = {isa = PBXBuildFile; productRef = E57C37E72BF86EEC00576631 /* Alamofire */; };
		E57C37EB2BF86F3700576631 /* OpenCombine in Frameworks */ = {isa = PBXBuildFile; productRef = E57C37EA2BF86F3700576631 /* OpenCombine */; };
		E57C37ED2BF86F3700576631 /* OpenCombineDispatch in Frameworks */ = {isa = PBXBuildFile; productRef = E57C37EC2BF86F3700576631 /* OpenCombineDispatch */; };
		E57C37EF2BF86F3700576631 /* OpenCombineFoundation in Frameworks */ = {isa = PBXBuildFile; productRef = E57C37EE2BF86F3700576631 /* OpenCombineFoundation */; };
		E57C37F12BF86FF000576631 /* NetworkRequest.swift in Sources */ = {isa = PBXBuildFile; fileRef = E57C37F02BF86FF000576631 /* NetworkRequest.swift */; };
		E57C37F32BF8700E00576631 /* NetworkingError.swift in Sources */ = {isa = PBXBuildFile; fileRef = E57C37F22BF8700E00576631 /* NetworkingError.swift */; };
		E57C37F72BF870DE00576631 /* ErrorResponse.swift in Sources */ = {isa = PBXBuildFile; fileRef = E57C37F62BF870DE00576631 /* ErrorResponse.swift */; };
		E57C37FB2BF8755700576631 /* CurrencyListRequest.swift in Sources */ = {isa = PBXBuildFile; fileRef = E57C37FA2BF8755700576631 /* CurrencyListRequest.swift */; };
		E57C37FE2BF87A4100576631 /* CurrencyListModel.swift in Sources */ = {isa = PBXBuildFile; fileRef = E57C37FD2BF87A4100576631 /* CurrencyListModel.swift */; };
		E57C38012BF87D8000576631 /* CurrencyListInteractor.swift in Sources */ = {isa = PBXBuildFile; fileRef = E57C38002BF87D8000576631 /* CurrencyListInteractor.swift */; };
		E57C38042BF87DF700576631 /* Base.swift in Sources */ = {isa = PBXBuildFile; fileRef = E57C38032BF87DF700576631 /* Base.swift */; };
		E57C38062BF87F0300576631 /* CurrencyListProvider.swift in Sources */ = {isa = PBXBuildFile; fileRef = E57C38052BF87F0300576631 /* CurrencyListProvider.swift */; };
		E57C38082BF8804F00576631 /* CurrencyListCoordinator.swift in Sources */ = {isa = PBXBuildFile; fileRef = E57C38072BF8804F00576631 /* CurrencyListCoordinator.swift */; };
		E57C380A2BF880C000576631 /* CurrencyListPresenter.swift in Sources */ = {isa = PBXBuildFile; fileRef = E57C38092BF880C000576631 /* CurrencyListPresenter.swift */; };
		E57C380C2BF883A800576631 /* CurrencyListResponse.swift in Sources */ = {isa = PBXBuildFile; fileRef = E57C380B2BF883A800576631 /* CurrencyListResponse.swift */; };
		E57C380F2BF888B800576631 /* CurrencyListUseCase.swift in Sources */ = {isa = PBXBuildFile; fileRef = E57C380E2BF888B800576631 /* CurrencyListUseCase.swift */; };
		E57C38122BF88B0A00576631 /* LoadingScreen.swift in Sources */ = {isa = PBXBuildFile; fileRef = E57C38112BF88B0A00576631 /* LoadingScreen.swift */; };
		E57C38142BF88B1E00576631 /* LoadingCircleView.swift in Sources */ = {isa = PBXBuildFile; fileRef = E57C38132BF88B1E00576631 /* LoadingCircleView.swift */; };
		E5ECC6E12BF8331A00590BA9 /* FintechApp.swift in Sources */ = {isa = PBXBuildFile; fileRef = E5ECC6E02BF8331A00590BA9 /* FintechApp.swift */; };
		E5ECC6E32BF8331A00590BA9 /* HomeView.swift in Sources */ = {isa = PBXBuildFile; fileRef = E5ECC6E22BF8331A00590BA9 /* HomeView.swift */; };
		E5ECC6E52BF8331A00590BA9 /* Transaction.swift in Sources */ = {isa = PBXBuildFile; fileRef = E5ECC6E42BF8331A00590BA9 /* Transaction.swift */; };
		E5ECC6E72BF8331B00590BA9 /* Assets.xcassets in Resources */ = {isa = PBXBuildFile; fileRef = E5ECC6E62BF8331B00590BA9 /* Assets.xcassets */; };
		E5ECC6EB2BF8331B00590BA9 /* Preview Assets.xcassets in Resources */ = {isa = PBXBuildFile; fileRef = E5ECC6EA2BF8331B00590BA9 /* Preview Assets.xcassets */; };
		E5ECC6F52BF8331C00590BA9 /* FintechTests.swift in Sources */ = {isa = PBXBuildFile; fileRef = E5ECC6F42BF8331C00590BA9 /* FintechTests.swift */; };
		E5ECC6FF2BF8331C00590BA9 /* FintechUITests.swift in Sources */ = {isa = PBXBuildFile; fileRef = E5ECC6FE2BF8331C00590BA9 /* FintechUITests.swift */; };
		E5ECC7012BF8331C00590BA9 /* FintechUITestsLaunchTests.swift in Sources */ = {isa = PBXBuildFile; fileRef = E5ECC7002BF8331C00590BA9 /* FintechUITestsLaunchTests.swift */; };
		E5ECC7172BF8419800590BA9 /* Brevia-Semibold.ttf in Resources */ = {isa = PBXBuildFile; fileRef = E5ECC7162BF8419800590BA9 /* Brevia-Semibold.ttf */; };
		E5ECC7192BF841C200590BA9 /* MuseoSans-500.ttf in Resources */ = {isa = PBXBuildFile; fileRef = E5ECC7182BF841C200590BA9 /* MuseoSans-500.ttf */; };
		E5ECC71C2BF844A900590BA9 /* Localizable.strings in Resources */ = {isa = PBXBuildFile; fileRef = E5ECC71A2BF844A900590BA9 /* Localizable.strings */; };
		E5ECC7222BF84D2000590BA9 /* FintechTextField.swift in Sources */ = {isa = PBXBuildFile; fileRef = E5ECC7212BF84D2000590BA9 /* FintechTextField.swift */; };
		E5ECC72A2BF8532D00590BA9 /* CustomExtensions.swift in Sources */ = {isa = PBXBuildFile; fileRef = E5ECC7292BF8532D00590BA9 /* CustomExtensions.swift */; };
/* End PBXBuildFile section */

/* Begin PBXContainerItemProxy section */
		E5ECC6F12BF8331C00590BA9 /* PBXContainerItemProxy */ = {
			isa = PBXContainerItemProxy;
			containerPortal = E5ECC6D52BF8331A00590BA9 /* Project object */;
			proxyType = 1;
			remoteGlobalIDString = E5ECC6DC2BF8331A00590BA9;
			remoteInfo = Fintech;
		};
		E5ECC6FB2BF8331C00590BA9 /* PBXContainerItemProxy */ = {
			isa = PBXContainerItemProxy;
			containerPortal = E5ECC6D52BF8331A00590BA9 /* Project object */;
			proxyType = 1;
			remoteGlobalIDString = E5ECC6DC2BF8331A00590BA9;
			remoteInfo = Fintech;
		};
/* End PBXContainerItemProxy section */

/* Begin PBXFileReference section */
		E51664FB2BF910A800CDA78B /* FintechPicker.swift */ = {isa = PBXFileReference; lastKnownFileType = sourcecode.swift; path = FintechPicker.swift; sourceTree = "<group>"; };
		E51664FD2BF953A900CDA78B /* CurrencyConvertRequest.swift */ = {isa = PBXFileReference; lastKnownFileType = sourcecode.swift; path = CurrencyConvertRequest.swift; sourceTree = "<group>"; };
		E51664FF2BF953D600CDA78B /* CurrencyConvertModel.swift */ = {isa = PBXFileReference; lastKnownFileType = sourcecode.swift; path = CurrencyConvertModel.swift; sourceTree = "<group>"; };
		E51665022BF9575400CDA78B /* CurrencyConvertInteractor.swift */ = {isa = PBXFileReference; lastKnownFileType = sourcecode.swift; path = CurrencyConvertInteractor.swift; sourceTree = "<group>"; };
		E51665042BF9576700CDA78B /* CurrencyConvertProvider.swift */ = {isa = PBXFileReference; lastKnownFileType = sourcecode.swift; path = CurrencyConvertProvider.swift; sourceTree = "<group>"; };
		E51665062BF9577900CDA78B /* CurrencyConvertCoordinator.swift */ = {isa = PBXFileReference; lastKnownFileType = sourcecode.swift; path = CurrencyConvertCoordinator.swift; sourceTree = "<group>"; };
		E51665082BF9578C00CDA78B /* CurrencyConvertPresenter.swift */ = {isa = PBXFileReference; lastKnownFileType = sourcecode.swift; path = CurrencyConvertPresenter.swift; sourceTree = "<group>"; };
		E516650A2BF9591800CDA78B /* CurrencyConvertResponse.swift */ = {isa = PBXFileReference; lastKnownFileType = sourcecode.swift; path = CurrencyConvertResponse.swift; sourceTree = "<group>"; };
		E516650C2BF9647B00CDA78B /* CurrencyConvertUseCase.swift */ = {isa = PBXFileReference; lastKnownFileType = sourcecode.swift; path = CurrencyConvertUseCase.swift; sourceTree = "<group>"; };
		E51665112BF96A5B00CDA78B /* ConvertModel.swift */ = {isa = PBXFileReference; lastKnownFileType = sourcecode.swift; path = ConvertModel.swift; sourceTree = "<group>"; };
		E51665132BF96C3B00CDA78B /* ConvertResponse.swift */ = {isa = PBXFileReference; lastKnownFileType = sourcecode.swift; path = ConvertResponse.swift; sourceTree = "<group>"; };
		E51665162BF9A87300CDA78B /* FintechButton.swift */ = {isa = PBXFileReference; lastKnownFileType = sourcecode.swift; path = FintechButton.swift; sourceTree = "<group>"; };
		E51665192BF9B19500CDA78B /* HistoryView.swift */ = {isa = PBXFileReference; lastKnownFileType = sourcecode.swift; path = HistoryView.swift; sourceTree = "<group>"; };
		E516651E2BF9B4DC00CDA78B /* ScreenNavigation.swift */ = {isa = PBXFileReference; lastKnownFileType = sourcecode.swift; path = ScreenNavigation.swift; sourceTree = "<group>"; };
		E51665202BF9C2F000CDA78B /* FintechCard.swift */ = {isa = PBXFileReference; lastKnownFileType = sourcecode.swift; path = FintechCard.swift; sourceTree = "<group>"; };
		E57C37DD2BF867A600576631 /* HomeViewModel.swift */ = {isa = PBXFileReference; lastKnownFileType = sourcecode.swift; path = HomeViewModel.swift; sourceTree = "<group>"; };
		E57C37E12BF86DB500576631 /* SessionManager.swift */ = {isa = PBXFileReference; lastKnownFileType = sourcecode.swift; path = SessionManager.swift; sourceTree = "<group>"; };
		E57C37E42BF86E4100576631 /* NetworkManager.swift */ = {isa = PBXFileReference; lastKnownFileType = sourcecode.swift; path = NetworkManager.swift; sourceTree = "<group>"; };
		E57C37F02BF86FF000576631 /* NetworkRequest.swift */ = {isa = PBXFileReference; lastKnownFileType = sourcecode.swift; path = NetworkRequest.swift; sourceTree = "<group>"; };
		E57C37F22BF8700E00576631 /* NetworkingError.swift */ = {isa = PBXFileReference; lastKnownFileType = sourcecode.swift; path = NetworkingError.swift; sourceTree = "<group>"; };
		E57C37F62BF870DE00576631 /* ErrorResponse.swift */ = {isa = PBXFileReference; lastKnownFileType = sourcecode.swift; path = ErrorResponse.swift; sourceTree = "<group>"; };
		E57C37FA2BF8755700576631 /* CurrencyListRequest.swift */ = {isa = PBXFileReference; lastKnownFileType = sourcecode.swift; path = CurrencyListRequest.swift; sourceTree = "<group>"; };
		E57C37FD2BF87A4100576631 /* CurrencyListModel.swift */ = {isa = PBXFileReference; lastKnownFileType = sourcecode.swift; path = CurrencyListModel.swift; sourceTree = "<group>"; };
		E57C38002BF87D8000576631 /* CurrencyListInteractor.swift */ = {isa = PBXFileReference; lastKnownFileType = sourcecode.swift; path = CurrencyListInteractor.swift; sourceTree = "<group>"; };
		E57C38032BF87DF700576631 /* Base.swift */ = {isa = PBXFileReference; lastKnownFileType = sourcecode.swift; path = Base.swift; sourceTree = "<group>"; };
		E57C38052BF87F0300576631 /* CurrencyListProvider.swift */ = {isa = PBXFileReference; lastKnownFileType = sourcecode.swift; path = CurrencyListProvider.swift; sourceTree = "<group>"; };
		E57C38072BF8804F00576631 /* CurrencyListCoordinator.swift */ = {isa = PBXFileReference; lastKnownFileType = sourcecode.swift; path = CurrencyListCoordinator.swift; sourceTree = "<group>"; };
		E57C38092BF880C000576631 /* CurrencyListPresenter.swift */ = {isa = PBXFileReference; lastKnownFileType = sourcecode.swift; path = CurrencyListPresenter.swift; sourceTree = "<group>"; };
		E57C380B2BF883A800576631 /* CurrencyListResponse.swift */ = {isa = PBXFileReference; lastKnownFileType = sourcecode.swift; path = CurrencyListResponse.swift; sourceTree = "<group>"; };
		E57C380E2BF888B800576631 /* CurrencyListUseCase.swift */ = {isa = PBXFileReference; lastKnownFileType = sourcecode.swift; path = CurrencyListUseCase.swift; sourceTree = "<group>"; };
		E57C38112BF88B0A00576631 /* LoadingScreen.swift */ = {isa = PBXFileReference; lastKnownFileType = sourcecode.swift; path = LoadingScreen.swift; sourceTree = "<group>"; };
		E57C38132BF88B1E00576631 /* LoadingCircleView.swift */ = {isa = PBXFileReference; lastKnownFileType = sourcecode.swift; path = LoadingCircleView.swift; sourceTree = "<group>"; };
		E5ECC6DD2BF8331A00590BA9 /* Fintech.app */ = {isa = PBXFileReference; explicitFileType = wrapper.application; includeInIndex = 0; path = Fintech.app; sourceTree = BUILT_PRODUCTS_DIR; };
		E5ECC6E02BF8331A00590BA9 /* FintechApp.swift */ = {isa = PBXFileReference; lastKnownFileType = sourcecode.swift; path = FintechApp.swift; sourceTree = "<group>"; };
		E5ECC6E22BF8331A00590BA9 /* HomeView.swift */ = {isa = PBXFileReference; lastKnownFileType = sourcecode.swift; path = HomeView.swift; sourceTree = "<group>"; };
		E5ECC6E42BF8331A00590BA9 /* Transaction.swift */ = {isa = PBXFileReference; lastKnownFileType = sourcecode.swift; path = Transaction.swift; sourceTree = "<group>"; };
		E5ECC6E62BF8331B00590BA9 /* Assets.xcassets */ = {isa = PBXFileReference; lastKnownFileType = folder.assetcatalog; path = Assets.xcassets; sourceTree = "<group>"; };
		E5ECC6E82BF8331B00590BA9 /* Fintech.entitlements */ = {isa = PBXFileReference; lastKnownFileType = text.plist.entitlements; path = Fintech.entitlements; sourceTree = "<group>"; };
		E5ECC6EA2BF8331B00590BA9 /* Preview Assets.xcassets */ = {isa = PBXFileReference; lastKnownFileType = folder.assetcatalog; path = "Preview Assets.xcassets"; sourceTree = "<group>"; };
		E5ECC6F02BF8331C00590BA9 /* FintechTests.xctest */ = {isa = PBXFileReference; explicitFileType = wrapper.cfbundle; includeInIndex = 0; path = FintechTests.xctest; sourceTree = BUILT_PRODUCTS_DIR; };
		E5ECC6F42BF8331C00590BA9 /* FintechTests.swift */ = {isa = PBXFileReference; lastKnownFileType = sourcecode.swift; path = FintechTests.swift; sourceTree = "<group>"; };
		E5ECC6FA2BF8331C00590BA9 /* FintechUITests.xctest */ = {isa = PBXFileReference; explicitFileType = wrapper.cfbundle; includeInIndex = 0; path = FintechUITests.xctest; sourceTree = BUILT_PRODUCTS_DIR; };
		E5ECC6FE2BF8331C00590BA9 /* FintechUITests.swift */ = {isa = PBXFileReference; lastKnownFileType = sourcecode.swift; path = FintechUITests.swift; sourceTree = "<group>"; };
		E5ECC7002BF8331C00590BA9 /* FintechUITestsLaunchTests.swift */ = {isa = PBXFileReference; lastKnownFileType = sourcecode.swift; path = FintechUITestsLaunchTests.swift; sourceTree = "<group>"; };
		E5ECC7122BF83D6E00590BA9 /* Info.plist */ = {isa = PBXFileReference; lastKnownFileType = text.plist.xml; path = Info.plist; sourceTree = "<group>"; };
		E5ECC7162BF8419800590BA9 /* Brevia-Semibold.ttf */ = {isa = PBXFileReference; lastKnownFileType = file; path = "Brevia-Semibold.ttf"; sourceTree = "<group>"; };
		E5ECC7182BF841C200590BA9 /* MuseoSans-500.ttf */ = {isa = PBXFileReference; lastKnownFileType = file; path = "MuseoSans-500.ttf"; sourceTree = "<group>"; };
		E5ECC71B2BF844A900590BA9 /* en */ = {isa = PBXFileReference; lastKnownFileType = text.plist.strings; name = en; path = en.lproj/Localizable.strings; sourceTree = "<group>"; };
		E5ECC71E2BF8479A00590BA9 /* es */ = {isa = PBXFileReference; lastKnownFileType = text.plist.strings; name = es; path = es.lproj/Localizable.strings; sourceTree = "<group>"; };
		E5ECC7212BF84D2000590BA9 /* FintechTextField.swift */ = {isa = PBXFileReference; lastKnownFileType = sourcecode.swift; path = FintechTextField.swift; sourceTree = "<group>"; };
		E5ECC7292BF8532D00590BA9 /* CustomExtensions.swift */ = {isa = PBXFileReference; lastKnownFileType = sourcecode.swift; path = CustomExtensions.swift; sourceTree = "<group>"; };
/* End PBXFileReference section */

/* Begin PBXFrameworksBuildPhase section */
		E5ECC6DA2BF8331A00590BA9 /* Frameworks */ = {
			isa = PBXFrameworksBuildPhase;
			buildActionMask = 2147483647;
			files = (
				E57C37EB2BF86F3700576631 /* OpenCombine in Frameworks */,
				E57C37ED2BF86F3700576631 /* OpenCombineDispatch in Frameworks */,
				E57C37E82BF86EEC00576631 /* Alamofire in Frameworks */,
				E57C37EF2BF86F3700576631 /* OpenCombineFoundation in Frameworks */,
			);
			runOnlyForDeploymentPostprocessing = 0;
		};
		E5ECC6ED2BF8331C00590BA9 /* Frameworks */ = {
			isa = PBXFrameworksBuildPhase;
			buildActionMask = 2147483647;
			files = (
			);
			runOnlyForDeploymentPostprocessing = 0;
		};
		E5ECC6F72BF8331C00590BA9 /* Frameworks */ = {
			isa = PBXFrameworksBuildPhase;
			buildActionMask = 2147483647;
			files = (
			);
			runOnlyForDeploymentPostprocessing = 0;
		};
/* End PBXFrameworksBuildPhase section */

/* Begin PBXGroup section */
		E51665012BF9573900CDA78B /* CurrencyConvert */ = {
			isa = PBXGroup;
			children = (
				E51665022BF9575400CDA78B /* CurrencyConvertInteractor.swift */,
				E51665042BF9576700CDA78B /* CurrencyConvertProvider.swift */,
				E51665062BF9577900CDA78B /* CurrencyConvertCoordinator.swift */,
				E51665082BF9578C00CDA78B /* CurrencyConvertPresenter.swift */,
			);
			path = CurrencyConvert;
			sourceTree = "<group>";
		};
		E516650F2BF96A4600CDA78B /* Domain */ = {
			isa = PBXGroup;
			children = (
				E51665102BF96A4D00CDA78B /* Model */,
			);
			path = Domain;
			sourceTree = "<group>";
		};
		E51665102BF96A4D00CDA78B /* Model */ = {
			isa = PBXGroup;
			children = (
				E51665112BF96A5B00CDA78B /* ConvertModel.swift */,
				E51665132BF96C3B00CDA78B /* ConvertResponse.swift */,
			);
			path = Model;
			sourceTree = "<group>";
		};
		E51665152BF9A5AB00CDA78B /* Local */ = {
			isa = PBXGroup;
			children = (
				E5ECC6E42BF8331A00590BA9 /* Transaction.swift */,
			);
			path = Local;
			sourceTree = "<group>";
		};
		E51665182BF9B18300CDA78B /* History */ = {
			isa = PBXGroup;
			children = (
				E51665192BF9B19500CDA78B /* HistoryView.swift */,
			);
			path = History;
			sourceTree = "<group>";
		};
		E516651D2BF9B4D200CDA78B /* Navigation */ = {
			isa = PBXGroup;
			children = (
				E516651E2BF9B4DC00CDA78B /* ScreenNavigation.swift */,
			);
			path = Navigation;
			sourceTree = "<group>";
		};
		E57C37DC2BF8679600576631 /* Home */ = {
			isa = PBXGroup;
			children = (
				E5ECC6E22BF8331A00590BA9 /* HomeView.swift */,
				E57C37DD2BF867A600576631 /* HomeViewModel.swift */,
			);
			path = Home;
			sourceTree = "<group>";
		};
		E57C37DF2BF86DA000576631 /* Manager */ = {
			isa = PBXGroup;
			children = (
				E57C37E32BF86E2800576631 /* Network */,
				E57C37E02BF86DA900576631 /* Session */,
			);
			path = Manager;
			sourceTree = "<group>";
		};
		E57C37E02BF86DA900576631 /* Session */ = {
			isa = PBXGroup;
			children = (
				E57C37E12BF86DB500576631 /* SessionManager.swift */,
			);
			path = Session;
			sourceTree = "<group>";
		};
		E57C37E32BF86E2800576631 /* Network */ = {
			isa = PBXGroup;
			children = (
				E57C37E42BF86E4100576631 /* NetworkManager.swift */,
				E57C37F02BF86FF000576631 /* NetworkRequest.swift */,
				E57C37F22BF8700E00576631 /* NetworkingError.swift */,
			);
			path = Network;
			sourceTree = "<group>";
		};
		E57C37F42BF870BE00576631 /* Data */ = {
			isa = PBXGroup;
			children = (
				E51665152BF9A5AB00CDA78B /* Local */,
				E57C37F52BF870C300576631 /* Cloud */,
			);
			path = Data;
			sourceTree = "<group>";
		};
		E57C37F52BF870C300576631 /* Cloud */ = {
			isa = PBXGroup;
			children = (
				E57C37F92BF8753600576631 /* Request */,
				E57C37F82BF8752D00576631 /* Response */,
			);
			path = Cloud;
			sourceTree = "<group>";
		};
		E57C37F82BF8752D00576631 /* Response */ = {
			isa = PBXGroup;
			children = (
				E57C37F62BF870DE00576631 /* ErrorResponse.swift */,
				E57C380B2BF883A800576631 /* CurrencyListResponse.swift */,
				E516650A2BF9591800CDA78B /* CurrencyConvertResponse.swift */,
			);
			path = Response;
			sourceTree = "<group>";
		};
		E57C37F92BF8753600576631 /* Request */ = {
			isa = PBXGroup;
			children = (
				E57C37FC2BF879EB00576631 /* Model */,
				E57C37FA2BF8755700576631 /* CurrencyListRequest.swift */,
				E51664FD2BF953A900CDA78B /* CurrencyConvertRequest.swift */,
			);
			path = Request;
			sourceTree = "<group>";
		};
		E57C37FC2BF879EB00576631 /* Model */ = {
			isa = PBXGroup;
			children = (
				E57C37FD2BF87A4100576631 /* CurrencyListModel.swift */,
				E51664FF2BF953D600CDA78B /* CurrencyConvertModel.swift */,
			);
			path = Model;
			sourceTree = "<group>";
		};
		E57C37FF2BF87D6D00576631 /* Feature */ = {
			isa = PBXGroup;
			children = (
				E51665012BF9573900CDA78B /* CurrencyConvert */,
				E57C38022BF87DEA00576631 /* CurrencyList */,
				E57C38032BF87DF700576631 /* Base.swift */,
			);
			path = Feature;
			sourceTree = "<group>";
		};
		E57C38022BF87DEA00576631 /* CurrencyList */ = {
			isa = PBXGroup;
			children = (
				E57C38002BF87D8000576631 /* CurrencyListInteractor.swift */,
				E57C38052BF87F0300576631 /* CurrencyListProvider.swift */,
				E57C38072BF8804F00576631 /* CurrencyListCoordinator.swift */,
				E57C38092BF880C000576631 /* CurrencyListPresenter.swift */,
			);
			path = CurrencyList;
			sourceTree = "<group>";
		};
		E57C380D2BF888A600576631 /* UseCase */ = {
			isa = PBXGroup;
			children = (
				E57C380E2BF888B800576631 /* CurrencyListUseCase.swift */,
				E516650C2BF9647B00CDA78B /* CurrencyConvertUseCase.swift */,
			);
			path = UseCase;
			sourceTree = "<group>";
		};
		E57C38102BF88AFE00576631 /* Loading */ = {
			isa = PBXGroup;
			children = (
				E57C38112BF88B0A00576631 /* LoadingScreen.swift */,
				E57C38132BF88B1E00576631 /* LoadingCircleView.swift */,
			);
			path = Loading;
			sourceTree = "<group>";
		};
		E5ECC6D42BF8331A00590BA9 = {
			isa = PBXGroup;
			children = (
				E5ECC6DF2BF8331A00590BA9 /* Fintech */,
				E5ECC6F32BF8331C00590BA9 /* FintechTests */,
				E5ECC6FD2BF8331C00590BA9 /* FintechUITests */,
				E5ECC6DE2BF8331A00590BA9 /* Products */,
			);
			sourceTree = "<group>";
		};
		E5ECC6DE2BF8331A00590BA9 /* Products */ = {
			isa = PBXGroup;
			children = (
				E5ECC6DD2BF8331A00590BA9 /* Fintech.app */,
				E5ECC6F02BF8331C00590BA9 /* FintechTests.xctest */,
				E5ECC6FA2BF8331C00590BA9 /* FintechUITests.xctest */,
			);
			name = Products;
			sourceTree = "<group>";
		};
		E5ECC6DF2BF8331A00590BA9 /* Fintech */ = {
			isa = PBXGroup;
			children = (
				E5ECC7152BF83E5800590BA9 /* Core */,
				E5ECC7142BF83E4900590BA9 /* Presentation */,
				E5ECC70D2BF83D0800590BA9 /* Fonts */,
				E5ECC6E02BF8331A00590BA9 /* FintechApp.swift */,
				E5ECC6E62BF8331B00590BA9 /* Assets.xcassets */,
				E5ECC6E82BF8331B00590BA9 /* Fintech.entitlements */,
				E5ECC6E92BF8331B00590BA9 /* Preview Content */,
				E5ECC7122BF83D6E00590BA9 /* Info.plist */,
				E5ECC71A2BF844A900590BA9 /* Localizable.strings */,
			);
			path = Fintech;
			sourceTree = "<group>";
		};
		E5ECC6E92BF8331B00590BA9 /* Preview Content */ = {
			isa = PBXGroup;
			children = (
				E5ECC6EA2BF8331B00590BA9 /* Preview Assets.xcassets */,
			);
			path = "Preview Content";
			sourceTree = "<group>";
		};
		E5ECC6F32BF8331C00590BA9 /* FintechTests */ = {
			isa = PBXGroup;
			children = (
				E5ECC6F42BF8331C00590BA9 /* FintechTests.swift */,
			);
			path = FintechTests;
			sourceTree = "<group>";
		};
		E5ECC6FD2BF8331C00590BA9 /* FintechUITests */ = {
			isa = PBXGroup;
			children = (
				E5ECC6FE2BF8331C00590BA9 /* FintechUITests.swift */,
				E5ECC7002BF8331C00590BA9 /* FintechUITestsLaunchTests.swift */,
			);
			path = FintechUITests;
			sourceTree = "<group>";
		};
		E5ECC70D2BF83D0800590BA9 /* Fonts */ = {
			isa = PBXGroup;
			children = (
				E5ECC7182BF841C200590BA9 /* MuseoSans-500.ttf */,
				E5ECC7162BF8419800590BA9 /* Brevia-Semibold.ttf */,
			);
			path = Fonts;
			sourceTree = "<group>";
		};
		E5ECC7142BF83E4900590BA9 /* Presentation */ = {
			isa = PBXGroup;
			children = (
				E516651D2BF9B4D200CDA78B /* Navigation */,
				E5ECC7282BF8531B00590BA9 /* Extensions */,
				E5ECC7202BF84D0000590BA9 /* Features */,
				E5ECC71F2BF84CF400590BA9 /* Components */,
			);
			path = Presentation;
			sourceTree = "<group>";
		};
		E5ECC7152BF83E5800590BA9 /* Core */ = {
			isa = PBXGroup;
			children = (
				E516650F2BF96A4600CDA78B /* Domain */,
				E57C380D2BF888A600576631 /* UseCase */,
				E57C37FF2BF87D6D00576631 /* Feature */,
				E57C37F42BF870BE00576631 /* Data */,
				E57C37DF2BF86DA000576631 /* Manager */,
			);
			path = Core;
			sourceTree = "<group>";
		};
		E5ECC71F2BF84CF400590BA9 /* Components */ = {
			isa = PBXGroup;
			children = (
				E5ECC7212BF84D2000590BA9 /* FintechTextField.swift */,
				E51664FB2BF910A800CDA78B /* FintechPicker.swift */,
				E51665162BF9A87300CDA78B /* FintechButton.swift */,
				E51665202BF9C2F000CDA78B /* FintechCard.swift */,
			);
			path = Components;
			sourceTree = "<group>";
		};
		E5ECC7202BF84D0000590BA9 /* Features */ = {
			isa = PBXGroup;
			children = (
				E51665182BF9B18300CDA78B /* History */,
				E57C38102BF88AFE00576631 /* Loading */,
				E57C37DC2BF8679600576631 /* Home */,
			);
			path = Features;
			sourceTree = "<group>";
		};
		E5ECC7282BF8531B00590BA9 /* Extensions */ = {
			isa = PBXGroup;
			children = (
				E5ECC7292BF8532D00590BA9 /* CustomExtensions.swift */,
			);
			path = Extensions;
			sourceTree = "<group>";
		};
/* End PBXGroup section */

/* Begin PBXNativeTarget section */
		E5ECC6DC2BF8331A00590BA9 /* Fintech */ = {
			isa = PBXNativeTarget;
			buildConfigurationList = E5ECC7042BF8331C00590BA9 /* Build configuration list for PBXNativeTarget "Fintech" */;
			buildPhases = (
				E5ECC6D92BF8331A00590BA9 /* Sources */,
				E5ECC6DA2BF8331A00590BA9 /* Frameworks */,
				E5ECC6DB2BF8331A00590BA9 /* Resources */,
			);
			buildRules = (
			);
			dependencies = (
			);
			name = Fintech;
			packageProductDependencies = (
				E57C37E72BF86EEC00576631 /* Alamofire */,
				E57C37EA2BF86F3700576631 /* OpenCombine */,
				E57C37EC2BF86F3700576631 /* OpenCombineDispatch */,
				E57C37EE2BF86F3700576631 /* OpenCombineFoundation */,
			);
			productName = Fintech;
			productReference = E5ECC6DD2BF8331A00590BA9 /* Fintech.app */;
			productType = "com.apple.product-type.application";
		};
		E5ECC6EF2BF8331C00590BA9 /* FintechTests */ = {
			isa = PBXNativeTarget;
			buildConfigurationList = E5ECC7072BF8331C00590BA9 /* Build configuration list for PBXNativeTarget "FintechTests" */;
			buildPhases = (
				E5ECC6EC2BF8331C00590BA9 /* Sources */,
				E5ECC6ED2BF8331C00590BA9 /* Frameworks */,
				E5ECC6EE2BF8331C00590BA9 /* Resources */,
			);
			buildRules = (
			);
			dependencies = (
				E5ECC6F22BF8331C00590BA9 /* PBXTargetDependency */,
			);
			name = FintechTests;
			productName = FintechTests;
			productReference = E5ECC6F02BF8331C00590BA9 /* FintechTests.xctest */;
			productType = "com.apple.product-type.bundle.unit-test";
		};
		E5ECC6F92BF8331C00590BA9 /* FintechUITests */ = {
			isa = PBXNativeTarget;
			buildConfigurationList = E5ECC70A2BF8331C00590BA9 /* Build configuration list for PBXNativeTarget "FintechUITests" */;
			buildPhases = (
				E5ECC6F62BF8331C00590BA9 /* Sources */,
				E5ECC6F72BF8331C00590BA9 /* Frameworks */,
				E5ECC6F82BF8331C00590BA9 /* Resources */,
			);
			buildRules = (
			);
			dependencies = (
				E5ECC6FC2BF8331C00590BA9 /* PBXTargetDependency */,
			);
			name = FintechUITests;
			productName = FintechUITests;
			productReference = E5ECC6FA2BF8331C00590BA9 /* FintechUITests.xctest */;
			productType = "com.apple.product-type.bundle.ui-testing";
		};
/* End PBXNativeTarget section */

/* Begin PBXProject section */
		E5ECC6D52BF8331A00590BA9 /* Project object */ = {
			isa = PBXProject;
			attributes = {
				BuildIndependentTargetsInParallel = 1;
				LastSwiftUpdateCheck = 1530;
				LastUpgradeCheck = 1530;
				TargetAttributes = {
					E5ECC6DC2BF8331A00590BA9 = {
						CreatedOnToolsVersion = 15.3;
					};
					E5ECC6EF2BF8331C00590BA9 = {
						CreatedOnToolsVersion = 15.3;
						TestTargetID = E5ECC6DC2BF8331A00590BA9;
					};
					E5ECC6F92BF8331C00590BA9 = {
						CreatedOnToolsVersion = 15.3;
						TestTargetID = E5ECC6DC2BF8331A00590BA9;
					};
				};
			};
			buildConfigurationList = E5ECC6D82BF8331A00590BA9 /* Build configuration list for PBXProject "Fintech" */;
			compatibilityVersion = "Xcode 14.0";
			developmentRegion = en;
			hasScannedForEncodings = 0;
			knownRegions = (
				en,
				Base,
				es,
			);
			mainGroup = E5ECC6D42BF8331A00590BA9;
			packageReferences = (
				E57C37E62BF86EEC00576631 /* XCRemoteSwiftPackageReference "Alamofire" */,
				E57C37E92BF86F3700576631 /* XCRemoteSwiftPackageReference "OpenCombine" */,
			);
			productRefGroup = E5ECC6DE2BF8331A00590BA9 /* Products */;
			projectDirPath = "";
			projectRoot = "";
			targets = (
				E5ECC6DC2BF8331A00590BA9 /* Fintech */,
				E5ECC6EF2BF8331C00590BA9 /* FintechTests */,
				E5ECC6F92BF8331C00590BA9 /* FintechUITests */,
			);
		};
/* End PBXProject section */

/* Begin PBXResourcesBuildPhase section */
		E5ECC6DB2BF8331A00590BA9 /* Resources */ = {
			isa = PBXResourcesBuildPhase;
			buildActionMask = 2147483647;
			files = (
				E5ECC71C2BF844A900590BA9 /* Localizable.strings in Resources */,
				E5ECC7172BF8419800590BA9 /* Brevia-Semibold.ttf in Resources */,
				E5ECC7192BF841C200590BA9 /* MuseoSans-500.ttf in Resources */,
				E5ECC6EB2BF8331B00590BA9 /* Preview Assets.xcassets in Resources */,
				E5ECC6E72BF8331B00590BA9 /* Assets.xcassets in Resources */,
			);
			runOnlyForDeploymentPostprocessing = 0;
		};
		E5ECC6EE2BF8331C00590BA9 /* Resources */ = {
			isa = PBXResourcesBuildPhase;
			buildActionMask = 2147483647;
			files = (
			);
			runOnlyForDeploymentPostprocessing = 0;
		};
		E5ECC6F82BF8331C00590BA9 /* Resources */ = {
			isa = PBXResourcesBuildPhase;
			buildActionMask = 2147483647;
			files = (
			);
			runOnlyForDeploymentPostprocessing = 0;
		};
/* End PBXResourcesBuildPhase section */

/* Begin PBXSourcesBuildPhase section */
		E5ECC6D92BF8331A00590BA9 /* Sources */ = {
			isa = PBXSourcesBuildPhase;
			buildActionMask = 2147483647;
			files = (
				E51665002BF953D600CDA78B /* CurrencyConvertModel.swift in Sources */,
				E516651F2BF9B4DC00CDA78B /* ScreenNavigation.swift in Sources */,
				E57C380C2BF883A800576631 /* CurrencyListResponse.swift in Sources */,
				E5ECC6E32BF8331A00590BA9 /* HomeView.swift in Sources */,
				E57C37DE2BF867A600576631 /* HomeViewModel.swift in Sources */,
				E5ECC6E52BF8331A00590BA9 /* Transaction.swift in Sources */,
				E516650B2BF9591800CDA78B /* CurrencyConvertResponse.swift in Sources */,
				E5ECC72A2BF8532D00590BA9 /* CustomExtensions.swift in Sources */,
				E516651A2BF9B19500CDA78B /* HistoryView.swift in Sources */,
				E51665052BF9576700CDA78B /* CurrencyConvertProvider.swift in Sources */,
				E57C37F32BF8700E00576631 /* NetworkingError.swift in Sources */,
				E57C37E52BF86E4100576631 /* NetworkManager.swift in Sources */,
				E57C38142BF88B1E00576631 /* LoadingCircleView.swift in Sources */,
				E5ECC6E12BF8331A00590BA9 /* FintechApp.swift in Sources */,
				E51665142BF96C3B00CDA78B /* ConvertResponse.swift in Sources */,
				E57C38122BF88B0A00576631 /* LoadingScreen.swift in Sources */,
				E51665212BF9C2F000CDA78B /* FintechCard.swift in Sources */,
				E57C380A2BF880C000576631 /* CurrencyListPresenter.swift in Sources */,
				E57C38062BF87F0300576631 /* CurrencyListProvider.swift in Sources */,
				E5ECC7222BF84D2000590BA9 /* FintechTextField.swift in Sources */,
				E57C37FB2BF8755700576631 /* CurrencyListRequest.swift in Sources */,
				E57C38082BF8804F00576631 /* CurrencyListCoordinator.swift in Sources */,
				E57C37F72BF870DE00576631 /* ErrorResponse.swift in Sources */,
				E516650D2BF9647B00CDA78B /* CurrencyConvertUseCase.swift in Sources */,
				E57C37F12BF86FF000576631 /* NetworkRequest.swift in Sources */,
				E57C37E22BF86DB500576631 /* SessionManager.swift in Sources */,
				E51664FC2BF910A800CDA78B /* FintechPicker.swift in Sources */,
				E57C380F2BF888B800576631 /* CurrencyListUseCase.swift in Sources */,
				E51664FE2BF953A900CDA78B /* CurrencyConvertRequest.swift in Sources */,
				E57C38042BF87DF700576631 /* Base.swift in Sources */,
				E51665092BF9578C00CDA78B /* CurrencyConvertPresenter.swift in Sources */,
				E51665032BF9575400CDA78B /* CurrencyConvertInteractor.swift in Sources */,
				E57C37FE2BF87A4100576631 /* CurrencyListModel.swift in Sources */,
				E51665072BF9577900CDA78B /* CurrencyConvertCoordinator.swift in Sources */,
				E51665172BF9A87300CDA78B /* FintechButton.swift in Sources */,
				E57C38012BF87D8000576631 /* CurrencyListInteractor.swift in Sources */,
				E51665122BF96A5B00CDA78B /* ConvertModel.swift in Sources */,
			);
			runOnlyForDeploymentPostprocessing = 0;
		};
		E5ECC6EC2BF8331C00590BA9 /* Sources */ = {
			isa = PBXSourcesBuildPhase;
			buildActionMask = 2147483647;
			files = (
				E5ECC6F52BF8331C00590BA9 /* FintechTests.swift in Sources */,
			);
			runOnlyForDeploymentPostprocessing = 0;
		};
		E5ECC6F62BF8331C00590BA9 /* Sources */ = {
			isa = PBXSourcesBuildPhase;
			buildActionMask = 2147483647;
			files = (
				E5ECC7012BF8331C00590BA9 /* FintechUITestsLaunchTests.swift in Sources */,
				E5ECC6FF2BF8331C00590BA9 /* FintechUITests.swift in Sources */,
			);
			runOnlyForDeploymentPostprocessing = 0;
		};
/* End PBXSourcesBuildPhase section */

/* Begin PBXTargetDependency section */
		E5ECC6F22BF8331C00590BA9 /* PBXTargetDependency */ = {
			isa = PBXTargetDependency;
			target = E5ECC6DC2BF8331A00590BA9 /* Fintech */;
			targetProxy = E5ECC6F12BF8331C00590BA9 /* PBXContainerItemProxy */;
		};
		E5ECC6FC2BF8331C00590BA9 /* PBXTargetDependency */ = {
			isa = PBXTargetDependency;
			target = E5ECC6DC2BF8331A00590BA9 /* Fintech */;
			targetProxy = E5ECC6FB2BF8331C00590BA9 /* PBXContainerItemProxy */;
		};
/* End PBXTargetDependency section */

/* Begin PBXVariantGroup section */
		E5ECC71A2BF844A900590BA9 /* Localizable.strings */ = {
			isa = PBXVariantGroup;
			children = (
				E5ECC71B2BF844A900590BA9 /* en */,
				E5ECC71E2BF8479A00590BA9 /* es */,
			);
			name = Localizable.strings;
			sourceTree = "<group>";
		};
/* End PBXVariantGroup section */

/* Begin XCBuildConfiguration section */
		E5ECC7022BF8331C00590BA9 /* Debug */ = {
			isa = XCBuildConfiguration;
			buildSettings = {
				ALWAYS_SEARCH_USER_PATHS = NO;
				ASSETCATALOG_COMPILER_GENERATE_SWIFT_ASSET_SYMBOL_EXTENSIONS = YES;
				CLANG_ANALYZER_LOCALIZABILITY_NONLOCALIZED = YES;
				CLANG_ANALYZER_NONNULL = YES;
				CLANG_ANALYZER_NUMBER_OBJECT_CONVERSION = YES_AGGRESSIVE;
				CLANG_CXX_LANGUAGE_STANDARD = "gnu++20";
				CLANG_ENABLE_MODULES = YES;
				CLANG_ENABLE_OBJC_ARC = YES;
				CLANG_ENABLE_OBJC_WEAK = YES;
				CLANG_WARN_BLOCK_CAPTURE_AUTORELEASING = YES;
				CLANG_WARN_BOOL_CONVERSION = YES;
				CLANG_WARN_COMMA = YES;
				CLANG_WARN_CONSTANT_CONVERSION = YES;
				CLANG_WARN_DEPRECATED_OBJC_IMPLEMENTATIONS = YES;
				CLANG_WARN_DIRECT_OBJC_ISA_USAGE = YES_ERROR;
				CLANG_WARN_DOCUMENTATION_COMMENTS = YES;
				CLANG_WARN_EMPTY_BODY = YES;
				CLANG_WARN_ENUM_CONVERSION = YES;
				CLANG_WARN_INFINITE_RECURSION = YES;
				CLANG_WARN_INT_CONVERSION = YES;
				CLANG_WARN_NON_LITERAL_NULL_CONVERSION = YES;
				CLANG_WARN_OBJC_IMPLICIT_RETAIN_SELF = YES;
				CLANG_WARN_OBJC_LITERAL_CONVERSION = YES;
				CLANG_WARN_OBJC_ROOT_CLASS = YES_ERROR;
				CLANG_WARN_QUOTED_INCLUDE_IN_FRAMEWORK_HEADER = YES;
				CLANG_WARN_RANGE_LOOP_ANALYSIS = YES;
				CLANG_WARN_STRICT_PROTOTYPES = YES;
				CLANG_WARN_SUSPICIOUS_MOVE = YES;
				CLANG_WARN_UNGUARDED_AVAILABILITY = YES_AGGRESSIVE;
				CLANG_WARN_UNREACHABLE_CODE = YES;
				CLANG_WARN__DUPLICATE_METHOD_MATCH = YES;
				COPY_PHASE_STRIP = NO;
				DEBUG_INFORMATION_FORMAT = dwarf;
				ENABLE_STRICT_OBJC_MSGSEND = YES;
				ENABLE_TESTABILITY = YES;
				ENABLE_USER_SCRIPT_SANDBOXING = YES;
				GCC_C_LANGUAGE_STANDARD = gnu17;
				GCC_DYNAMIC_NO_PIC = NO;
				GCC_NO_COMMON_BLOCKS = YES;
				GCC_OPTIMIZATION_LEVEL = 0;
				GCC_PREPROCESSOR_DEFINITIONS = (
					"DEBUG=1",
					"$(inherited)",
				);
				GCC_WARN_64_TO_32_BIT_CONVERSION = YES;
				GCC_WARN_ABOUT_RETURN_TYPE = YES_ERROR;
				GCC_WARN_UNDECLARED_SELECTOR = YES;
				GCC_WARN_UNINITIALIZED_AUTOS = YES_AGGRESSIVE;
				GCC_WARN_UNUSED_FUNCTION = YES;
				GCC_WARN_UNUSED_VARIABLE = YES;
				LOCALIZATION_PREFERS_STRING_CATALOGS = YES;
				MTL_ENABLE_DEBUG_INFO = INCLUDE_SOURCE;
				MTL_FAST_MATH = YES;
				ONLY_ACTIVE_ARCH = YES;
				SWIFT_ACTIVE_COMPILATION_CONDITIONS = "DEBUG $(inherited)";
				SWIFT_OPTIMIZATION_LEVEL = "-Onone";
			};
			name = Debug;
		};
		E5ECC7032BF8331C00590BA9 /* Release */ = {
			isa = XCBuildConfiguration;
			buildSettings = {
				ALWAYS_SEARCH_USER_PATHS = NO;
				ASSETCATALOG_COMPILER_GENERATE_SWIFT_ASSET_SYMBOL_EXTENSIONS = YES;
				CLANG_ANALYZER_LOCALIZABILITY_NONLOCALIZED = YES;
				CLANG_ANALYZER_NONNULL = YES;
				CLANG_ANALYZER_NUMBER_OBJECT_CONVERSION = YES_AGGRESSIVE;
				CLANG_CXX_LANGUAGE_STANDARD = "gnu++20";
				CLANG_ENABLE_MODULES = YES;
				CLANG_ENABLE_OBJC_ARC = YES;
				CLANG_ENABLE_OBJC_WEAK = YES;
				CLANG_WARN_BLOCK_CAPTURE_AUTORELEASING = YES;
				CLANG_WARN_BOOL_CONVERSION = YES;
				CLANG_WARN_COMMA = YES;
				CLANG_WARN_CONSTANT_CONVERSION = YES;
				CLANG_WARN_DEPRECATED_OBJC_IMPLEMENTATIONS = YES;
				CLANG_WARN_DIRECT_OBJC_ISA_USAGE = YES_ERROR;
				CLANG_WARN_DOCUMENTATION_COMMENTS = YES;
				CLANG_WARN_EMPTY_BODY = YES;
				CLANG_WARN_ENUM_CONVERSION = YES;
				CLANG_WARN_INFINITE_RECURSION = YES;
				CLANG_WARN_INT_CONVERSION = YES;
				CLANG_WARN_NON_LITERAL_NULL_CONVERSION = YES;
				CLANG_WARN_OBJC_IMPLICIT_RETAIN_SELF = YES;
				CLANG_WARN_OBJC_LITERAL_CONVERSION = YES;
				CLANG_WARN_OBJC_ROOT_CLASS = YES_ERROR;
				CLANG_WARN_QUOTED_INCLUDE_IN_FRAMEWORK_HEADER = YES;
				CLANG_WARN_RANGE_LOOP_ANALYSIS = YES;
				CLANG_WARN_STRICT_PROTOTYPES = YES;
				CLANG_WARN_SUSPICIOUS_MOVE = YES;
				CLANG_WARN_UNGUARDED_AVAILABILITY = YES_AGGRESSIVE;
				CLANG_WARN_UNREACHABLE_CODE = YES;
				CLANG_WARN__DUPLICATE_METHOD_MATCH = YES;
				COPY_PHASE_STRIP = NO;
				DEBUG_INFORMATION_FORMAT = "dwarf-with-dsym";
				ENABLE_NS_ASSERTIONS = NO;
				ENABLE_STRICT_OBJC_MSGSEND = YES;
				ENABLE_USER_SCRIPT_SANDBOXING = YES;
				GCC_C_LANGUAGE_STANDARD = gnu17;
				GCC_NO_COMMON_BLOCKS = YES;
				GCC_WARN_64_TO_32_BIT_CONVERSION = YES;
				GCC_WARN_ABOUT_RETURN_TYPE = YES_ERROR;
				GCC_WARN_UNDECLARED_SELECTOR = YES;
				GCC_WARN_UNINITIALIZED_AUTOS = YES_AGGRESSIVE;
				GCC_WARN_UNUSED_FUNCTION = YES;
				GCC_WARN_UNUSED_VARIABLE = YES;
				LOCALIZATION_PREFERS_STRING_CATALOGS = YES;
				MTL_ENABLE_DEBUG_INFO = NO;
				MTL_FAST_MATH = YES;
				SWIFT_COMPILATION_MODE = wholemodule;
			};
			name = Release;
		};
		E5ECC7052BF8331C00590BA9 /* Debug */ = {
			isa = XCBuildConfiguration;
			buildSettings = {
				API_KEY = 6f69b77dcf2672ef31f3f2c69f4c4029b7b0fe4a;
				ASSETCATALOG_COMPILER_APPICON_NAME = AppIcon;
				ASSETCATALOG_COMPILER_GLOBAL_ACCENT_COLOR_NAME = AccentColor;
				BASE_URL = "https://api.getgeoapi.com/v2";
				CODE_SIGN_ENTITLEMENTS = Fintech/Fintech.entitlements;
				CODE_SIGN_STYLE = Automatic;
				CURRENT_PROJECT_VERSION = 1;
				DEVELOPMENT_ASSET_PATHS = "\"Fintech/Preview Content\"";
				DEVELOPMENT_TEAM = HW94V94GEW;
				ENABLE_HARDENED_RUNTIME = YES;
				ENABLE_PREVIEWS = YES;
				GENERATE_INFOPLIST_FILE = YES;
				INFOPLIST_FILE = Fintech/Info.plist;
				"INFOPLIST_KEY_UIApplicationSceneManifest_Generation[sdk=iphoneos*]" = YES;
				"INFOPLIST_KEY_UIApplicationSceneManifest_Generation[sdk=iphonesimulator*]" = YES;
				"INFOPLIST_KEY_UIApplicationSupportsIndirectInputEvents[sdk=iphoneos*]" = YES;
				"INFOPLIST_KEY_UIApplicationSupportsIndirectInputEvents[sdk=iphonesimulator*]" = YES;
				"INFOPLIST_KEY_UILaunchScreen_Generation[sdk=iphoneos*]" = YES;
				"INFOPLIST_KEY_UILaunchScreen_Generation[sdk=iphonesimulator*]" = YES;
				"INFOPLIST_KEY_UIStatusBarStyle[sdk=iphoneos*]" = UIStatusBarStyleDefault;
				"INFOPLIST_KEY_UIStatusBarStyle[sdk=iphonesimulator*]" = UIStatusBarStyleDefault;
				INFOPLIST_KEY_UISupportedInterfaceOrientations = UIInterfaceOrientationPortrait;
				IPHONEOS_DEPLOYMENT_TARGET = 17.4;
				LD_RUNPATH_SEARCH_PATHS = "@executable_path/Frameworks";
				"LD_RUNPATH_SEARCH_PATHS[sdk=macosx*]" = "@executable_path/../Frameworks";
				MACOSX_DEPLOYMENT_TARGET = 14.0;
				MARKETING_VERSION = 1.0;
				PRODUCT_BUNDLE_IDENTIFIER = chuco.joel.Fintech;
				PRODUCT_NAME = "$(TARGET_NAME)";
				SDKROOT = auto;
				SUPPORTED_PLATFORMS = "iphoneos iphonesimulator";
				SUPPORTS_MACCATALYST = NO;
				SWIFT_EMIT_LOC_STRINGS = YES;
				SWIFT_VERSION = 5.0;
				TARGETED_DEVICE_FAMILY = "1,2";
			};
			name = Debug;
		};
		E5ECC7062BF8331C00590BA9 /* Release */ = {
			isa = XCBuildConfiguration;
			buildSettings = {
				API_KEY = 6f69b77dcf2672ef31f3f2c69f4c4029b7b0fe4a;
				ASSETCATALOG_COMPILER_APPICON_NAME = AppIcon;
				ASSETCATALOG_COMPILER_GLOBAL_ACCENT_COLOR_NAME = AccentColor;
				BASE_URL = "https://api.getgeoapi.com/v2";
				CODE_SIGN_ENTITLEMENTS = Fintech/Fintech.entitlements;
				CODE_SIGN_STYLE = Automatic;
				CURRENT_PROJECT_VERSION = 1;
				DEVELOPMENT_ASSET_PATHS = "\"Fintech/Preview Content\"";
				DEVELOPMENT_TEAM = HW94V94GEW;
				ENABLE_HARDENED_RUNTIME = YES;
				ENABLE_PREVIEWS = YES;
				GENERATE_INFOPLIST_FILE = YES;
				INFOPLIST_FILE = Fintech/Info.plist;
				"INFOPLIST_KEY_UIApplicationSceneManifest_Generation[sdk=iphoneos*]" = YES;
				"INFOPLIST_KEY_UIApplicationSceneManifest_Generation[sdk=iphonesimulator*]" = YES;
				"INFOPLIST_KEY_UIApplicationSupportsIndirectInputEvents[sdk=iphoneos*]" = YES;
				"INFOPLIST_KEY_UIApplicationSupportsIndirectInputEvents[sdk=iphonesimulator*]" = YES;
				"INFOPLIST_KEY_UILaunchScreen_Generation[sdk=iphoneos*]" = YES;
				"INFOPLIST_KEY_UILaunchScreen_Generation[sdk=iphonesimulator*]" = YES;
				"INFOPLIST_KEY_UIStatusBarStyle[sdk=iphoneos*]" = UIStatusBarStyleDefault;
				"INFOPLIST_KEY_UIStatusBarStyle[sdk=iphonesimulator*]" = UIStatusBarStyleDefault;
				INFOPLIST_KEY_UISupportedInterfaceOrientations = UIInterfaceOrientationPortrait;
				IPHONEOS_DEPLOYMENT_TARGET = 17.4;
				LD_RUNPATH_SEARCH_PATHS = "@executable_path/Frameworks";
				"LD_RUNPATH_SEARCH_PATHS[sdk=macosx*]" = "@executable_path/../Frameworks";
				MACOSX_DEPLOYMENT_TARGET = 14.0;
				MARKETING_VERSION = 1.0;
				PRODUCT_BUNDLE_IDENTIFIER = chuco.joel.Fintech;
				PRODUCT_NAME = "$(TARGET_NAME)";
				SDKROOT = auto;
				SUPPORTED_PLATFORMS = "iphoneos iphonesimulator";
				SUPPORTS_MACCATALYST = NO;
				SWIFT_EMIT_LOC_STRINGS = YES;
				SWIFT_VERSION = 5.0;
				TARGETED_DEVICE_FAMILY = "1,2";
			};
			name = Release;
		};
		E5ECC7082BF8331C00590BA9 /* Debug */ = {
			isa = XCBuildConfiguration;
			buildSettings = {
				ALWAYS_EMBED_SWIFT_STANDARD_LIBRARIES = YES;
				BUNDLE_LOADER = "$(TEST_HOST)";
				CODE_SIGN_STYLE = Automatic;
				CURRENT_PROJECT_VERSION = 1;
				DEVELOPMENT_TEAM = HW94V94GEW;
				GENERATE_INFOPLIST_FILE = YES;
				IPHONEOS_DEPLOYMENT_TARGET = 17.4;
				MACOSX_DEPLOYMENT_TARGET = 14.4;
				MARKETING_VERSION = 1.0;
				PRODUCT_BUNDLE_IDENTIFIER = chuco.joel.FintechTests;
				PRODUCT_NAME = "$(TARGET_NAME)";
				SDKROOT = auto;
				SUPPORTED_PLATFORMS = "iphoneos iphonesimulator macosx";
				SWIFT_EMIT_LOC_STRINGS = NO;
				SWIFT_VERSION = 5.0;
				TARGETED_DEVICE_FAMILY = "1,2";
				TEST_HOST = "$(BUILT_PRODUCTS_DIR)/Fintech.app/$(BUNDLE_EXECUTABLE_FOLDER_PATH)/Fintech";
			};
			name = Debug;
		};
		E5ECC7092BF8331C00590BA9 /* Release */ = {
			isa = XCBuildConfiguration;
			buildSettings = {
				ALWAYS_EMBED_SWIFT_STANDARD_LIBRARIES = YES;
				BUNDLE_LOADER = "$(TEST_HOST)";
				CODE_SIGN_STYLE = Automatic;
				CURRENT_PROJECT_VERSION = 1;
				DEVELOPMENT_TEAM = HW94V94GEW;
				GENERATE_INFOPLIST_FILE = YES;
				IPHONEOS_DEPLOYMENT_TARGET = 17.4;
				MACOSX_DEPLOYMENT_TARGET = 14.4;
				MARKETING_VERSION = 1.0;
				PRODUCT_BUNDLE_IDENTIFIER = chuco.joel.FintechTests;
				PRODUCT_NAME = "$(TARGET_NAME)";
				SDKROOT = auto;
				SUPPORTED_PLATFORMS = "iphoneos iphonesimulator macosx";
				SWIFT_EMIT_LOC_STRINGS = NO;
				SWIFT_VERSION = 5.0;
				TARGETED_DEVICE_FAMILY = "1,2";
				TEST_HOST = "$(BUILT_PRODUCTS_DIR)/Fintech.app/$(BUNDLE_EXECUTABLE_FOLDER_PATH)/Fintech";
			};
			name = Release;
		};
		E5ECC70B2BF8331C00590BA9 /* Debug */ = {
			isa = XCBuildConfiguration;
			buildSettings = {
				ALWAYS_EMBED_SWIFT_STANDARD_LIBRARIES = YES;
				CODE_SIGN_STYLE = Automatic;
				CURRENT_PROJECT_VERSION = 1;
				DEVELOPMENT_TEAM = HW94V94GEW;
				GENERATE_INFOPLIST_FILE = YES;
				IPHONEOS_DEPLOYMENT_TARGET = 17.4;
				MACOSX_DEPLOYMENT_TARGET = 14.4;
				MARKETING_VERSION = 1.0;
				PRODUCT_BUNDLE_IDENTIFIER = chuco.joel.FintechUITests;
				PRODUCT_NAME = "$(TARGET_NAME)";
				SDKROOT = auto;
				SUPPORTED_PLATFORMS = "iphoneos iphonesimulator macosx";
				SWIFT_EMIT_LOC_STRINGS = NO;
				SWIFT_VERSION = 5.0;
				TARGETED_DEVICE_FAMILY = "1,2";
				TEST_TARGET_NAME = Fintech;
			};
			name = Debug;
		};
		E5ECC70C2BF8331C00590BA9 /* Release */ = {
			isa = XCBuildConfiguration;
			buildSettings = {
				ALWAYS_EMBED_SWIFT_STANDARD_LIBRARIES = YES;
				CODE_SIGN_STYLE = Automatic;
				CURRENT_PROJECT_VERSION = 1;
				DEVELOPMENT_TEAM = HW94V94GEW;
				GENERATE_INFOPLIST_FILE = YES;
				IPHONEOS_DEPLOYMENT_TARGET = 17.4;
				MACOSX_DEPLOYMENT_TARGET = 14.4;
				MARKETING_VERSION = 1.0;
				PRODUCT_BUNDLE_IDENTIFIER = chuco.joel.FintechUITests;
				PRODUCT_NAME = "$(TARGET_NAME)";
				SDKROOT = auto;
				SUPPORTED_PLATFORMS = "iphoneos iphonesimulator macosx";
				SWIFT_EMIT_LOC_STRINGS = NO;
				SWIFT_VERSION = 5.0;
				TARGETED_DEVICE_FAMILY = "1,2";
				TEST_TARGET_NAME = Fintech;
			};
			name = Release;
		};
/* End XCBuildConfiguration section */

/* Begin XCConfigurationList section */
		E5ECC6D82BF8331A00590BA9 /* Build configuration list for PBXProject "Fintech" */ = {
			isa = XCConfigurationList;
			buildConfigurations = (
				E5ECC7022BF8331C00590BA9 /* Debug */,
				E5ECC7032BF8331C00590BA9 /* Release */,
			);
			defaultConfigurationIsVisible = 0;
			defaultConfigurationName = Release;
		};
		E5ECC7042BF8331C00590BA9 /* Build configuration list for PBXNativeTarget "Fintech" */ = {
			isa = XCConfigurationList;
			buildConfigurations = (
				E5ECC7052BF8331C00590BA9 /* Debug */,
				E5ECC7062BF8331C00590BA9 /* Release */,
			);
			defaultConfigurationIsVisible = 0;
			defaultConfigurationName = Release;
		};
		E5ECC7072BF8331C00590BA9 /* Build configuration list for PBXNativeTarget "FintechTests" */ = {
			isa = XCConfigurationList;
			buildConfigurations = (
				E5ECC7082BF8331C00590BA9 /* Debug */,
				E5ECC7092BF8331C00590BA9 /* Release */,
			);
			defaultConfigurationIsVisible = 0;
			defaultConfigurationName = Release;
		};
		E5ECC70A2BF8331C00590BA9 /* Build configuration list for PBXNativeTarget "FintechUITests" */ = {
			isa = XCConfigurationList;
			buildConfigurations = (
				E5ECC70B2BF8331C00590BA9 /* Debug */,
				E5ECC70C2BF8331C00590BA9 /* Release */,
			);
			defaultConfigurationIsVisible = 0;
			defaultConfigurationName = Release;
		};
/* End XCConfigurationList section */

/* Begin XCRemoteSwiftPackageReference section */
		E57C37E62BF86EEC00576631 /* XCRemoteSwiftPackageReference "Alamofire" */ = {
			isa = XCRemoteSwiftPackageReference;
			repositoryURL = "https://github.com/Alamofire/Alamofire.git";
			requirement = {
				kind = upToNextMajorVersion;
				minimumVersion = 5.9.1;
			};
		};
		E57C37E92BF86F3700576631 /* XCRemoteSwiftPackageReference "OpenCombine" */ = {
			isa = XCRemoteSwiftPackageReference;
			repositoryURL = "https://github.com/OpenCombine/OpenCombine.git";
			requirement = {
				kind = upToNextMajorVersion;
				minimumVersion = 0.14.0;
			};
		};
/* End XCRemoteSwiftPackageReference section */

/* Begin XCSwiftPackageProductDependency section */
		E57C37E72BF86EEC00576631 /* Alamofire */ = {
			isa = XCSwiftPackageProductDependency;
			package = E57C37E62BF86EEC00576631 /* XCRemoteSwiftPackageReference "Alamofire" */;
			productName = Alamofire;
		};
		E57C37EA2BF86F3700576631 /* OpenCombine */ = {
			isa = XCSwiftPackageProductDependency;
			package = E57C37E92BF86F3700576631 /* XCRemoteSwiftPackageReference "OpenCombine" */;
			productName = OpenCombine;
		};
		E57C37EC2BF86F3700576631 /* OpenCombineDispatch */ = {
			isa = XCSwiftPackageProductDependency;
			package = E57C37E92BF86F3700576631 /* XCRemoteSwiftPackageReference "OpenCombine" */;
			productName = OpenCombineDispatch;
		};
		E57C37EE2BF86F3700576631 /* OpenCombineFoundation */ = {
			isa = XCSwiftPackageProductDependency;
			package = E57C37E92BF86F3700576631 /* XCRemoteSwiftPackageReference "OpenCombine" */;
			productName = OpenCombineFoundation;
		};
/* End XCSwiftPackageProductDependency section */
	};
	rootObject = E5ECC6D52BF8331A00590BA9 /* Project object */;
}
