// !$*UTF8*$!
{
	archiveVersion = 1;
	classes = {
	};
	objectVersion = 56;
	objects = {

/* Begin PBXBuildFile section */
		E5ECC6E12BF8331A00590BA9 /* FintechApp.swift in Sources */ = {isa = PBXBuildFile; fileRef = E5ECC6E02BF8331A00590BA9 /* FintechApp.swift */; };
		E5ECC6E32BF8331A00590BA9 /* ContentView.swift in Sources */ = {isa = PBXBuildFile; fileRef = E5ECC6E22BF8331A00590BA9 /* ContentView.swift */; };
		E5ECC6E52BF8331A00590BA9 /* Item.swift in Sources */ = {isa = PBXBuildFile; fileRef = E5ECC6E42BF8331A00590BA9 /* Item.swift */; };
		E5ECC6E72BF8331B00590BA9 /* Assets.xcassets in Resources */ = {isa = PBXBuildFile; fileRef = E5ECC6E62BF8331B00590BA9 /* Assets.xcassets */; };
		E5ECC6EB2BF8331B00590BA9 /* Preview Assets.xcassets in Resources */ = {isa = PBXBuildFile; fileRef = E5ECC6EA2BF8331B00590BA9 /* Preview Assets.xcassets */; };
		E5ECC6F52BF8331C00590BA9 /* FintechTests.swift in Sources */ = {isa = PBXBuildFile; fileRef = E5ECC6F42BF8331C00590BA9 /* FintechTests.swift */; };
		E5ECC6FF2BF8331C00590BA9 /* FintechUITests.swift in Sources */ = {isa = PBXBuildFile; fileRef = E5ECC6FE2BF8331C00590BA9 /* FintechUITests.swift */; };
		E5ECC7012BF8331C00590BA9 /* FintechUITestsLaunchTests.swift in Sources */ = {isa = PBXBuildFile; fileRef = E5ECC7002BF8331C00590BA9 /* FintechUITestsLaunchTests.swift */; };
/* End PBXBuildFile section */

/* Begin PBXContainerItemProxy section */
		E5ECC6F12BF8331C00590BA9 /* PBXContainerItemProxy */ = {
			isa = PBXContainerItemProxy;
			containerPortal = E5ECC6D52BF8331A00590BA9 /* Project object */;
			proxyType = 1;
			remoteGlobalIDString = E5ECC6DC2BF8331A00590BA9;
			remoteInfo = Fintech;
		};
		E5ECC6FB2BF8331C00590BA9 /* PBXContainerItemProxy */ = {
			isa = PBXContainerItemProxy;
			containerPortal = E5ECC6D52BF8331A00590BA9 /* Project object */;
			proxyType = 1;
			remoteGlobalIDString = E5ECC6DC2BF8331A00590BA9;
			remoteInfo = Fintech;
		};
/* End PBXContainerItemProxy section */

/* Begin PBXFileReference section */
		E5ECC6DD2BF8331A00590BA9 /* Fintech.app */ = {isa = PBXFileReference; explicitFileType = wrapper.application; includeInIndex = 0; path = Fintech.app; sourceTree = BUILT_PRODUCTS_DIR; };
		E5ECC6E02BF8331A00590BA9 /* FintechApp.swift */ = {isa = PBXFileReference; lastKnownFileType = sourcecode.swift; path = FintechApp.swift; sourceTree = "<group>"; };
		E5ECC6E22BF8331A00590BA9 /* ContentView.swift */ = {isa = PBXFileReference; lastKnownFileType = sourcecode.swift; path = ContentView.swift; sourceTree = "<group>"; };
		E5ECC6E42BF8331A00590BA9 /* Item.swift */ = {isa = PBXFileReference; lastKnownFileType = sourcecode.swift; path = Item.swift; sourceTree = "<group>"; };
		E5ECC6E62BF8331B00590BA9 /* Assets.xcassets */ = {isa = PBXFileReference; lastKnownFileType = folder.assetcatalog; path = Assets.xcassets; sourceTree = "<group>"; };
		E5ECC6E82BF8331B00590BA9 /* Fintech.entitlements */ = {isa = PBXFileReference; lastKnownFileType = text.plist.entitlements; path = Fintech.entitlements; sourceTree = "<group>"; };
		E5ECC6EA2BF8331B00590BA9 /* Preview Assets.xcassets */ = {isa = PBXFileReference; lastKnownFileType = folder.assetcatalog; path = "Preview Assets.xcassets"; sourceTree = "<group>"; };
		E5ECC6F02BF8331C00590BA9 /* FintechTests.xctest */ = {isa = PBXFileReference; explicitFileType = wrapper.cfbundle; includeInIndex = 0; path = FintechTests.xctest; sourceTree = BUILT_PRODUCTS_DIR; };
		E5ECC6F42BF8331C00590BA9 /* FintechTests.swift */ = {isa = PBXFileReference; lastKnownFileType = sourcecode.swift; path = FintechTests.swift; sourceTree = "<group>"; };
		E5ECC6FA2BF8331C00590BA9 /* FintechUITests.xctest */ = {isa = PBXFileReference; explicitFileType = wrapper.cfbundle; includeInIndex = 0; path = FintechUITests.xctest; sourceTree = BUILT_PRODUCTS_DIR; };
		E5ECC6FE2BF8331C00590BA9 /* FintechUITests.swift */ = {isa = PBXFileReference; lastKnownFileType = sourcecode.swift; path = FintechUITests.swift; sourceTree = "<group>"; };
		E5ECC7002BF8331C00590BA9 /* FintechUITestsLaunchTests.swift */ = {isa = PBXFileReference; lastKnownFileType = sourcecode.swift; path = FintechUITestsLaunchTests.swift; sourceTree = "<group>"; };
/* End PBXFileReference section */

/* Begin PBXFrameworksBuildPhase section */
		E5ECC6DA2BF8331A00590BA9 /* Frameworks */ = {
			isa = PBXFrameworksBuildPhase;
			buildActionMask = 2147483647;
			files = (
			);
			runOnlyForDeploymentPostprocessing = 0;
		};
		E5ECC6ED2BF8331C00590BA9 /* Frameworks */ = {
			isa = PBXFrameworksBuildPhase;
			buildActionMask = 2147483647;
			files = (
			);
			runOnlyForDeploymentPostprocessing = 0;
		};
		E5ECC6F72BF8331C00590BA9 /* Frameworks */ = {
			isa = PBXFrameworksBuildPhase;
			buildActionMask = 2147483647;
			files = (
			);
			runOnlyForDeploymentPostprocessing = 0;
		};
/* End PBXFrameworksBuildPhase section */

/* Begin PBXGroup section */
		E5ECC6D42BF8331A00590BA9 = {
			isa = PBXGroup;
			children = (
				E5ECC6DF2BF8331A00590BA9 /* Fintech */,
				E5ECC6F32BF8331C00590BA9 /* FintechTests */,
				E5ECC6FD2BF8331C00590BA9 /* FintechUITests */,
				E5ECC6DE2BF8331A00590BA9 /* Products */,
			);
			sourceTree = "<group>";
		};
		E5ECC6DE2BF8331A00590BA9 /* Products */ = {
			isa = PBXGroup;
			children = (
				E5ECC6DD2BF8331A00590BA9 /* Fintech.app */,
				E5ECC6F02BF8331C00590BA9 /* FintechTests.xctest */,
				E5ECC6FA2BF8331C00590BA9 /* FintechUITests.xctest */,
			);
			name = Products;
			sourceTree = "<group>";
		};
		E5ECC6DF2BF8331A00590BA9 /* Fintech */ = {
			isa = PBXGroup;
			children = (
				E5ECC6E02BF8331A00590BA9 /* FintechApp.swift */,
				E5ECC6E22BF8331A00590BA9 /* ContentView.swift */,
				E5ECC6E42BF8331A00590BA9 /* Item.swift */,
				E5ECC6E62BF8331B00590BA9 /* Assets.xcassets */,
				E5ECC6E82BF8331B00590BA9 /* Fintech.entitlements */,
				E5ECC6E92BF8331B00590BA9 /* Preview Content */,
			);
			path = Fintech;
			sourceTree = "<group>";
		};
		E5ECC6E92BF8331B00590BA9 /* Preview Content */ = {
			isa = PBXGroup;
			children = (
				E5ECC6EA2BF8331B00590BA9 /* Preview Assets.xcassets */,
			);
			path = "Preview Content";
			sourceTree = "<group>";
		};
		E5ECC6F32BF8331C00590BA9 /* FintechTests */ = {
			isa = PBXGroup;
			children = (
				E5ECC6F42BF8331C00590BA9 /* FintechTests.swift */,
			);
			path = FintechTests;
			sourceTree = "<group>";
		};
		E5ECC6FD2BF8331C00590BA9 /* FintechUITests */ = {
			isa = PBXGroup;
			children = (
				E5ECC6FE2BF8331C00590BA9 /* FintechUITests.swift */,
				E5ECC7002BF8331C00590BA9 /* FintechUITestsLaunchTests.swift */,
			);
			path = FintechUITests;
			sourceTree = "<group>";
		};
/* End PBXGroup section */

/* Begin PBXNativeTarget section */
		E5ECC6DC2BF8331A00590BA9 /* Fintech */ = {
			isa = PBXNativeTarget;
			buildConfigurationList = E5ECC7042BF8331C00590BA9 /* Build configuration list for PBXNativeTarget "Fintech" */;
			buildPhases = (
				E5ECC6D92BF8331A00590BA9 /* Sources */,
				E5ECC6DA2BF8331A00590BA9 /* Frameworks */,
				E5ECC6DB2BF8331A00590BA9 /* Resources */,
			);
			buildRules = (
			);
			dependencies = (
			);
			name = Fintech;
			productName = Fintech;
			productReference = E5ECC6DD2BF8331A00590BA9 /* Fintech.app */;
			productType = "com.apple.product-type.application";
		};
		E5ECC6EF2BF8331C00590BA9 /* FintechTests */ = {
			isa = PBXNativeTarget;
			buildConfigurationList = E5ECC7072BF8331C00590BA9 /* Build configuration list for PBXNativeTarget "FintechTests" */;
			buildPhases = (
				E5ECC6EC2BF8331C00590BA9 /* Sources */,
				E5ECC6ED2BF8331C00590BA9 /* Frameworks */,
				E5ECC6EE2BF8331C00590BA9 /* Resources */,
			);
			buildRules = (
			);
			dependencies = (
				E5ECC6F22BF8331C00590BA9 /* PBXTargetDependency */,
			);
			name = FintechTests;
			productName = FintechTests;
			productReference = E5ECC6F02BF8331C00590BA9 /* FintechTests.xctest */;
			productType = "com.apple.product-type.bundle.unit-test";
		};
		E5ECC6F92BF8331C00590BA9 /* FintechUITests */ = {
			isa = PBXNativeTarget;
			buildConfigurationList = E5ECC70A2BF8331C00590BA9 /* Build configuration list for PBXNativeTarget "FintechUITests" */;
			buildPhases = (
				E5ECC6F62BF8331C00590BA9 /* Sources */,
				E5ECC6F72BF8331C00590BA9 /* Frameworks */,
				E5ECC6F82BF8331C00590BA9 /* Resources */,
			);
			buildRules = (
			);
			dependencies = (
				E5ECC6FC2BF8331C00590BA9 /* PBXTargetDependency */,
			);
			name = FintechUITests;
			productName = FintechUITests;
			productReference = E5ECC6FA2BF8331C00590BA9 /* FintechUITests.xctest */;
			productType = "com.apple.product-type.bundle.ui-testing";
		};
/* End PBXNativeTarget section */

/* Begin PBXProject section */
		E5ECC6D52BF8331A00590BA9 /* Project object */ = {
			isa = PBXProject;
			attributes = {
				BuildIndependentTargetsInParallel = 1;
				LastSwiftUpdateCheck = 1530;
				LastUpgradeCheck = 1530;
				TargetAttributes = {
					E5ECC6DC2BF8331A00590BA9 = {
						CreatedOnToolsVersion = 15.3;
					};
					E5ECC6EF2BF8331C00590BA9 = {
						CreatedOnToolsVersion = 15.3;
						TestTargetID = E5ECC6DC2BF8331A00590BA9;
					};
					E5ECC6F92BF8331C00590BA9 = {
						CreatedOnToolsVersion = 15.3;
						TestTargetID = E5ECC6DC2BF8331A00590BA9;
					};
				};
			};
			buildConfigurationList = E5ECC6D82BF8331A00590BA9 /* Build configuration list for PBXProject "Fintech" */;
			compatibilityVersion = "Xcode 14.0";
			developmentRegion = en;
			hasScannedForEncodings = 0;
			knownRegions = (
				en,
				Base,
			);
			mainGroup = E5ECC6D42BF8331A00590BA9;
			productRefGroup = E5ECC6DE2BF8331A00590BA9 /* Products */;
			projectDirPath = "";
			projectRoot = "";
			targets = (
				E5ECC6DC2BF8331A00590BA9 /* Fintech */,
				E5ECC6EF2BF8331C00590BA9 /* FintechTests */,
				E5ECC6F92BF8331C00590BA9 /* FintechUITests */,
			);
		};
/* End PBXProject section */

/* Begin PBXResourcesBuildPhase section */
		E5ECC6DB2BF8331A00590BA9 /* Resources */ = {
			isa = PBXResourcesBuildPhase;
			buildActionMask = 2147483647;
			files = (
				E5ECC6EB2BF8331B00590BA9 /* Preview Assets.xcassets in Resources */,
				E5ECC6E72BF8331B00590BA9 /* Assets.xcassets in Resources */,
			);
			runOnlyForDeploymentPostprocessing = 0;
		};
		E5ECC6EE2BF8331C00590BA9 /* Resources */ = {
			isa = PBXResourcesBuildPhase;
			buildActionMask = 2147483647;
			files = (
			);
			runOnlyForDeploymentPostprocessing = 0;
		};
		E5ECC6F82BF8331C00590BA9 /* Resources */ = {
			isa = PBXResourcesBuildPhase;
			buildActionMask = 2147483647;
			files = (
			);
			runOnlyForDeploymentPostprocessing = 0;
		};
/* End PBXResourcesBuildPhase section */

/* Begin PBXSourcesBuildPhase section */
		E5ECC6D92BF8331A00590BA9 /* Sources */ = {
			isa = PBXSourcesBuildPhase;
			buildActionMask = 2147483647;
			files = (
				E5ECC6E32BF8331A00590BA9 /* ContentView.swift in Sources */,
				E5ECC6E52BF8331A00590BA9 /* Item.swift in Sources */,
				E5ECC6E12BF8331A00590BA9 /* FintechApp.swift in Sources */,
			);
			runOnlyForDeploymentPostprocessing = 0;
		};
		E5ECC6EC2BF8331C00590BA9 /* Sources */ = {
			isa = PBXSourcesBuildPhase;
			buildActionMask = 2147483647;
			files = (
				E5ECC6F52BF8331C00590BA9 /* FintechTests.swift in Sources */,
			);
			runOnlyForDeploymentPostprocessing = 0;
		};
		E5ECC6F62BF8331C00590BA9 /* Sources */ = {
			isa = PBXSourcesBuildPhase;
			buildActionMask = 2147483647;
			files = (
				E5ECC7012BF8331C00590BA9 /* FintechUITestsLaunchTests.swift in Sources */,
				E5ECC6FF2BF8331C00590BA9 /* FintechUITests.swift in Sources */,
			);
			runOnlyForDeploymentPostprocessing = 0;
		};
/* End PBXSourcesBuildPhase section */

/* Begin PBXTargetDependency section */
		E5ECC6F22BF8331C00590BA9 /* PBXTargetDependency */ = {
			isa = PBXTargetDependency;
			target = E5ECC6DC2BF8331A00590BA9 /* Fintech */;
			targetProxy = E5ECC6F12BF8331C00590BA9 /* PBXContainerItemProxy */;
		};
		E5ECC6FC2BF8331C00590BA9 /* PBXTargetDependency */ = {
			isa = PBXTargetDependency;
			target = E5ECC6DC2BF8331A00590BA9 /* Fintech */;
			targetProxy = E5ECC6FB2BF8331C00590BA9 /* PBXContainerItemProxy */;
		};
/* End PBXTargetDependency section */

/* Begin XCBuildConfiguration section */
		E5ECC7022BF8331C00590BA9 /* Debug */ = {
			isa = XCBuildConfiguration;
			buildSettings = {
				ALWAYS_SEARCH_USER_PATHS = NO;
				ASSETCATALOG_COMPILER_GENERATE_SWIFT_ASSET_SYMBOL_EXTENSIONS = YES;
				CLANG_ANALYZER_NONNULL = YES;
				CLANG_ANALYZER_NUMBER_OBJECT_CONVERSION = YES_AGGRESSIVE;
				CLANG_CXX_LANGUAGE_STANDARD = "gnu++20";
				CLANG_ENABLE_MODULES = YES;
				CLANG_ENABLE_OBJC_ARC = YES;
				CLANG_ENABLE_OBJC_WEAK = YES;
				CLANG_WARN_BLOCK_CAPTURE_AUTORELEASING = YES;
				CLANG_WARN_BOOL_CONVERSION = YES;
				CLANG_WARN_COMMA = YES;
				CLANG_WARN_CONSTANT_CONVERSION = YES;
				CLANG_WARN_DEPRECATED_OBJC_IMPLEMENTATIONS = YES;
				CLANG_WARN_DIRECT_OBJC_ISA_USAGE = YES_ERROR;
				CLANG_WARN_DOCUMENTATION_COMMENTS = YES;
				CLANG_WARN_EMPTY_BODY = YES;
				CLANG_WARN_ENUM_CONVERSION = YES;
				CLANG_WARN_INFINITE_RECURSION = YES;
				CLANG_WARN_INT_CONVERSION = YES;
				CLANG_WARN_NON_LITERAL_NULL_CONVERSION = YES;
				CLANG_WARN_OBJC_IMPLICIT_RETAIN_SELF = YES;
				CLANG_WARN_OBJC_LITERAL_CONVERSION = YES;
				CLANG_WARN_OBJC_ROOT_CLASS = YES_ERROR;
				CLANG_WARN_QUOTED_INCLUDE_IN_FRAMEWORK_HEADER = YES;
				CLANG_WARN_RANGE_LOOP_ANALYSIS = YES;
				CLANG_WARN_STRICT_PROTOTYPES = YES;
				CLANG_WARN_SUSPICIOUS_MOVE = YES;
				CLANG_WARN_UNGUARDED_AVAILABILITY = YES_AGGRESSIVE;
				CLANG_WARN_UNREACHABLE_CODE = YES;
				CLANG_WARN__DUPLICATE_METHOD_MATCH = YES;
				COPY_PHASE_STRIP = NO;
				DEBUG_INFORMATION_FORMAT = dwarf;
				ENABLE_STRICT_OBJC_MSGSEND = YES;
				ENABLE_TESTABILITY = YES;
				ENABLE_USER_SCRIPT_SANDBOXING = YES;
				GCC_C_LANGUAGE_STANDARD = gnu17;
				GCC_DYNAMIC_NO_PIC = NO;
				GCC_NO_COMMON_BLOCKS = YES;
				GCC_OPTIMIZATION_LEVEL = 0;
				GCC_PREPROCESSOR_DEFINITIONS = (
					"DEBUG=1",
					"$(inherited)",
				);
				GCC_WARN_64_TO_32_BIT_CONVERSION = YES;
				GCC_WARN_ABOUT_RETURN_TYPE = YES_ERROR;
				GCC_WARN_UNDECLARED_SELECTOR = YES;
				GCC_WARN_UNINITIALIZED_AUTOS = YES_AGGRESSIVE;
				GCC_WARN_UNUSED_FUNCTION = YES;
				GCC_WARN_UNUSED_VARIABLE = YES;
				LOCALIZATION_PREFERS_STRING_CATALOGS = YES;
				MTL_ENABLE_DEBUG_INFO = INCLUDE_SOURCE;
				MTL_FAST_MATH = YES;
				ONLY_ACTIVE_ARCH = YES;
				SWIFT_ACTIVE_COMPILATION_CONDITIONS = "DEBUG $(inherited)";
				SWIFT_OPTIMIZATION_LEVEL = "-Onone";
			};
			name = Debug;
		};
		E5ECC7032BF8331C00590BA9 /* Release */ = {
			isa = XCBuildConfiguration;
			buildSettings = {
				ALWAYS_SEARCH_USER_PATHS = NO;
				ASSETCATALOG_COMPILER_GENERATE_SWIFT_ASSET_SYMBOL_EXTENSIONS = YES;
				CLANG_ANALYZER_NONNULL = YES;
				CLANG_ANALYZER_NUMBER_OBJECT_CONVERSION = YES_AGGRESSIVE;
				CLANG_CXX_LANGUAGE_STANDARD = "gnu++20";
				CLANG_ENABLE_MODULES = YES;
				CLANG_ENABLE_OBJC_ARC = YES;
				CLANG_ENABLE_OBJC_WEAK = YES;
				CLANG_WARN_BLOCK_CAPTURE_AUTORELEASING = YES;
				CLANG_WARN_BOOL_CONVERSION = YES;
				CLANG_WARN_COMMA = YES;
				CLANG_WARN_CONSTANT_CONVERSION = YES;
				CLANG_WARN_DEPRECATED_OBJC_IMPLEMENTATIONS = YES;
				CLANG_WARN_DIRECT_OBJC_ISA_USAGE = YES_ERROR;
				CLANG_WARN_DOCUMENTATION_COMMENTS = YES;
				CLANG_WARN_EMPTY_BODY = YES;
				CLANG_WARN_ENUM_CONVERSION = YES;
				CLANG_WARN_INFINITE_RECURSION = YES;
				CLANG_WARN_INT_CONVERSION = YES;
				CLANG_WARN_NON_LITERAL_NULL_CONVERSION = YES;
				CLANG_WARN_OBJC_IMPLICIT_RETAIN_SELF = YES;
				CLANG_WARN_OBJC_LITERAL_CONVERSION = YES;
				CLANG_WARN_OBJC_ROOT_CLASS = YES_ERROR;
				CLANG_WARN_QUOTED_INCLUDE_IN_FRAMEWORK_HEADER = YES;
				CLANG_WARN_RANGE_LOOP_ANALYSIS = YES;
				CLANG_WARN_STRICT_PROTOTYPES = YES;
				CLANG_WARN_SUSPICIOUS_MOVE = YES;
				CLANG_WARN_UNGUARDED_AVAILABILITY = YES_AGGRESSIVE;
				CLANG_WARN_UNREACHABLE_CODE = YES;
				CLANG_WARN__DUPLICATE_METHOD_MATCH = YES;
				COPY_PHASE_STRIP = NO;
				DEBUG_INFORMATION_FORMAT = "dwarf-with-dsym";
				ENABLE_NS_ASSERTIONS = NO;
				ENABLE_STRICT_OBJC_MSGSEND = YES;
				ENABLE_USER_SCRIPT_SANDBOXING = YES;
				GCC_C_LANGUAGE_STANDARD = gnu17;
				GCC_NO_COMMON_BLOCKS = YES;
				GCC_WARN_64_TO_32_BIT_CONVERSION = YES;
				GCC_WARN_ABOUT_RETURN_TYPE = YES_ERROR;
				GCC_WARN_UNDECLARED_SELECTOR = YES;
				GCC_WARN_UNINITIALIZED_AUTOS = YES_AGGRESSIVE;
				GCC_WARN_UNUSED_FUNCTION = YES;
				GCC_WARN_UNUSED_VARIABLE = YES;
				LOCALIZATION_PREFERS_STRING_CATALOGS = YES;
				MTL_ENABLE_DEBUG_INFO = NO;
				MTL_FAST_MATH = YES;
				SWIFT_COMPILATION_MODE = wholemodule;
			};
			name = Release;
		};
		E5ECC7052BF8331C00590BA9 /* Debug */ = {
			isa = XCBuildConfiguration;
			buildSettings = {
				ASSETCATALOG_COMPILER_APPICON_NAME = AppIcon;
				ASSETCATALOG_COMPILER_GLOBAL_ACCENT_COLOR_NAME = AccentColor;
				CODE_SIGN_ENTITLEMENTS = Fintech/Fintech.entitlements;
				CODE_SIGN_STYLE = Automatic;
				CURRENT_PROJECT_VERSION = 1;
				DEVELOPMENT_ASSET_PATHS = "\"Fintech/Preview Content\"";
				DEVELOPMENT_TEAM = HW94V94GEW;
				ENABLE_HARDENED_RUNTIME = YES;
				ENABLE_PREVIEWS = YES;
				GENERATE_INFOPLIST_FILE = YES;
				"INFOPLIST_KEY_UIApplicationSceneManifest_Generation[sdk=iphoneos*]" = YES;
				"INFOPLIST_KEY_UIApplicationSceneManifest_Generation[sdk=iphonesimulator*]" = YES;
				"INFOPLIST_KEY_UIApplicationSupportsIndirectInputEvents[sdk=iphoneos*]" = YES;
				"INFOPLIST_KEY_UIApplicationSupportsIndirectInputEvents[sdk=iphonesimulator*]" = YES;
				"INFOPLIST_KEY_UILaunchScreen_Generation[sdk=iphoneos*]" = YES;
				"INFOPLIST_KEY_UILaunchScreen_Generation[sdk=iphonesimulator*]" = YES;
				"INFOPLIST_KEY_UIStatusBarStyle[sdk=iphoneos*]" = UIStatusBarStyleDefault;
				"INFOPLIST_KEY_UIStatusBarStyle[sdk=iphonesimulator*]" = UIStatusBarStyleDefault;
				INFOPLIST_KEY_UISupportedInterfaceOrientations_iPad = "UIInterfaceOrientationPortrait UIInterfaceOrientationPortraitUpsideDown UIInterfaceOrientationLandscapeLeft UIInterfaceOrientationLandscapeRight";
				INFOPLIST_KEY_UISupportedInterfaceOrientations_iPhone = "UIInterfaceOrientationPortrait UIInterfaceOrientationLandscapeLeft UIInterfaceOrientationLandscapeRight";
				IPHONEOS_DEPLOYMENT_TARGET = 17.4;
				LD_RUNPATH_SEARCH_PATHS = "@executable_path/Frameworks";
				"LD_RUNPATH_SEARCH_PATHS[sdk=macosx*]" = "@executable_path/../Frameworks";
				MACOSX_DEPLOYMENT_TARGET = 14.0;
				MARKETING_VERSION = 1.0;
				PRODUCT_BUNDLE_IDENTIFIER = chuco.joel.Fintech;
				PRODUCT_NAME = "$(TARGET_NAME)";
				SDKROOT = auto;
				SUPPORTED_PLATFORMS = "iphoneos iphonesimulator macosx";
				SWIFT_EMIT_LOC_STRINGS = YES;
				SWIFT_VERSION = 5.0;
				TARGETED_DEVICE_FAMILY = "1,2";
			};
			name = Debug;
		};
		E5ECC7062BF8331C00590BA9 /* Release */ = {
			isa = XCBuildConfiguration;
			buildSettings = {
				ASSETCATALOG_COMPILER_APPICON_NAME = AppIcon;
				ASSETCATALOG_COMPILER_GLOBAL_ACCENT_COLOR_NAME = AccentColor;
				CODE_SIGN_ENTITLEMENTS = Fintech/Fintech.entitlements;
				CODE_SIGN_STYLE = Automatic;
				CURRENT_PROJECT_VERSION = 1;
				DEVELOPMENT_ASSET_PATHS = "\"Fintech/Preview Content\"";
				DEVELOPMENT_TEAM = HW94V94GEW;
				ENABLE_HARDENED_RUNTIME = YES;
				ENABLE_PREVIEWS = YES;
				GENERATE_INFOPLIST_FILE = YES;
				"INFOPLIST_KEY_UIApplicationSceneManifest_Generation[sdk=iphoneos*]" = YES;
				"INFOPLIST_KEY_UIApplicationSceneManifest_Generation[sdk=iphonesimulator*]" = YES;
				"INFOPLIST_KEY_UIApplicationSupportsIndirectInputEvents[sdk=iphoneos*]" = YES;
				"INFOPLIST_KEY_UIApplicationSupportsIndirectInputEvents[sdk=iphonesimulator*]" = YES;
				"INFOPLIST_KEY_UILaunchScreen_Generation[sdk=iphoneos*]" = YES;
				"INFOPLIST_KEY_UILaunchScreen_Generation[sdk=iphonesimulator*]" = YES;
				"INFOPLIST_KEY_UIStatusBarStyle[sdk=iphoneos*]" = UIStatusBarStyleDefault;
				"INFOPLIST_KEY_UIStatusBarStyle[sdk=iphonesimulator*]" = UIStatusBarStyleDefault;
				INFOPLIST_KEY_UISupportedInterfaceOrientations_iPad = "UIInterfaceOrientationPortrait UIInterfaceOrientationPortraitUpsideDown UIInterfaceOrientationLandscapeLeft UIInterfaceOrientationLandscapeRight";
				INFOPLIST_KEY_UISupportedInterfaceOrientations_iPhone = "UIInterfaceOrientationPortrait UIInterfaceOrientationLandscapeLeft UIInterfaceOrientationLandscapeRight";
				IPHONEOS_DEPLOYMENT_TARGET = 17.4;
				LD_RUNPATH_SEARCH_PATHS = "@executable_path/Frameworks";
				"LD_RUNPATH_SEARCH_PATHS[sdk=macosx*]" = "@executable_path/../Frameworks";
				MACOSX_DEPLOYMENT_TARGET = 14.0;
				MARKETING_VERSION = 1.0;
				PRODUCT_BUNDLE_IDENTIFIER = chuco.joel.Fintech;
				PRODUCT_NAME = "$(TARGET_NAME)";
				SDKROOT = auto;
				SUPPORTED_PLATFORMS = "iphoneos iphonesimulator macosx";
				SWIFT_EMIT_LOC_STRINGS = YES;
				SWIFT_VERSION = 5.0;
				TARGETED_DEVICE_FAMILY = "1,2";
			};
			name = Release;
		};
		E5ECC7082BF8331C00590BA9 /* Debug */ = {
			isa = XCBuildConfiguration;
			buildSettings = {
				ALWAYS_EMBED_SWIFT_STANDARD_LIBRARIES = YES;
				BUNDLE_LOADER = "$(TEST_HOST)";
				CODE_SIGN_STYLE = Automatic;
				CURRENT_PROJECT_VERSION = 1;
				DEVELOPMENT_TEAM = HW94V94GEW;
				GENERATE_INFOPLIST_FILE = YES;
				IPHONEOS_DEPLOYMENT_TARGET = 17.4;
				MACOSX_DEPLOYMENT_TARGET = 14.4;
				MARKETING_VERSION = 1.0;
				PRODUCT_BUNDLE_IDENTIFIER = chuco.joel.FintechTests;
				PRODUCT_NAME = "$(TARGET_NAME)";
				SDKROOT = auto;
				SUPPORTED_PLATFORMS = "iphoneos iphonesimulator macosx";
				SWIFT_EMIT_LOC_STRINGS = NO;
				SWIFT_VERSION = 5.0;
				TARGETED_DEVICE_FAMILY = "1,2";
				TEST_HOST = "$(BUILT_PRODUCTS_DIR)/Fintech.app/$(BUNDLE_EXECUTABLE_FOLDER_PATH)/Fintech";
			};
			name = Debug;
		};
		E5ECC7092BF8331C00590BA9 /* Release */ = {
			isa = XCBuildConfiguration;
			buildSettings = {
				ALWAYS_EMBED_SWIFT_STANDARD_LIBRARIES = YES;
				BUNDLE_LOADER = "$(TEST_HOST)";
				CODE_SIGN_STYLE = Automatic;
				CURRENT_PROJECT_VERSION = 1;
				DEVELOPMENT_TEAM = HW94V94GEW;
				GENERATE_INFOPLIST_FILE = YES;
				IPHONEOS_DEPLOYMENT_TARGET = 17.4;
				MACOSX_DEPLOYMENT_TARGET = 14.4;
				MARKETING_VERSION = 1.0;
				PRODUCT_BUNDLE_IDENTIFIER = chuco.joel.FintechTests;
				PRODUCT_NAME = "$(TARGET_NAME)";
				SDKROOT = auto;
				SUPPORTED_PLATFORMS = "iphoneos iphonesimulator macosx";
				SWIFT_EMIT_LOC_STRINGS = NO;
				SWIFT_VERSION = 5.0;
				TARGETED_DEVICE_FAMILY = "1,2";
				TEST_HOST = "$(BUILT_PRODUCTS_DIR)/Fintech.app/$(BUNDLE_EXECUTABLE_FOLDER_PATH)/Fintech";
			};
			name = Release;
		};
		E5ECC70B2BF8331C00590BA9 /* Debug */ = {
			isa = XCBuildConfiguration;
			buildSettings = {
				ALWAYS_EMBED_SWIFT_STANDARD_LIBRARIES = YES;
				CODE_SIGN_STYLE = Automatic;
				CURRENT_PROJECT_VERSION = 1;
				DEVELOPMENT_TEAM = HW94V94GEW;
				GENERATE_INFOPLIST_FILE = YES;
				IPHONEOS_DEPLOYMENT_TARGET = 17.4;
				MACOSX_DEPLOYMENT_TARGET = 14.4;
				MARKETING_VERSION = 1.0;
				PRODUCT_BUNDLE_IDENTIFIER = chuco.joel.FintechUITests;
				PRODUCT_NAME = "$(TARGET_NAME)";
				SDKROOT = auto;
				SUPPORTED_PLATFORMS = "iphoneos iphonesimulator macosx";
				SWIFT_EMIT_LOC_STRINGS = NO;
				SWIFT_VERSION = 5.0;
				TARGETED_DEVICE_FAMILY = "1,2";
				TEST_TARGET_NAME = Fintech;
			};
			name = Debug;
		};
		E5ECC70C2BF8331C00590BA9 /* Release */ = {
			isa = XCBuildConfiguration;
			buildSettings = {
				ALWAYS_EMBED_SWIFT_STANDARD_LIBRARIES = YES;
				CODE_SIGN_STYLE = Automatic;
				CURRENT_PROJECT_VERSION = 1;
				DEVELOPMENT_TEAM = HW94V94GEW;
				GENERATE_INFOPLIST_FILE = YES;
				IPHONEOS_DEPLOYMENT_TARGET = 17.4;
				MACOSX_DEPLOYMENT_TARGET = 14.4;
				MARKETING_VERSION = 1.0;
				PRODUCT_BUNDLE_IDENTIFIER = chuco.joel.FintechUITests;
				PRODUCT_NAME = "$(TARGET_NAME)";
				SDKROOT = auto;
				SUPPORTED_PLATFORMS = "iphoneos iphonesimulator macosx";
				SWIFT_EMIT_LOC_STRINGS = NO;
				SWIFT_VERSION = 5.0;
				TARGETED_DEVICE_FAMILY = "1,2";
				TEST_TARGET_NAME = Fintech;
			};
			name = Release;
		};
/* End XCBuildConfiguration section */

/* Begin XCConfigurationList section */
		E5ECC6D82BF8331A00590BA9 /* Build configuration list for PBXProject "Fintech" */ = {
			isa = XCConfigurationList;
			buildConfigurations = (
				E5ECC7022BF8331C00590BA9 /* Debug */,
				E5ECC7032BF8331C00590BA9 /* Release */,
			);
			defaultConfigurationIsVisible = 0;
			defaultConfigurationName = Release;
		};
		E5ECC7042BF8331C00590BA9 /* Build configuration list for PBXNativeTarget "Fintech" */ = {
			isa = XCConfigurationList;
			buildConfigurations = (
				E5ECC7052BF8331C00590BA9 /* Debug */,
				E5ECC7062BF8331C00590BA9 /* Release */,
			);
			defaultConfigurationIsVisible = 0;
			defaultConfigurationName = Release;
		};
		E5ECC7072BF8331C00590BA9 /* Build configuration list for PBXNativeTarget "FintechTests" */ = {
			isa = XCConfigurationList;
			buildConfigurations = (
				E5ECC7082BF8331C00590BA9 /* Debug */,
				E5ECC7092BF8331C00590BA9 /* Release */,
			);
			defaultConfigurationIsVisible = 0;
			defaultConfigurationName = Release;
		};
		E5ECC70A2BF8331C00590BA9 /* Build configuration list for PBXNativeTarget "FintechUITests" */ = {
			isa = XCConfigurationList;
			buildConfigurations = (
				E5ECC70B2BF8331C00590BA9 /* Debug */,
				E5ECC70C2BF8331C00590BA9 /* Release */,
			);
			defaultConfigurationIsVisible = 0;
			defaultConfigurationName = Release;
		};
/* End XCConfigurationList section */
	};
	rootObject = E5ECC6D52BF8331A00590BA9 /* Project object */;
}
